PODS:
  - Alamofire (3.1.5)
  - Charts (2.1.6)
  - FBSnapshotTestCase (2.0.7):
    - FBSnapshotTestCase/SwiftSupport (= 2.0.7)
  - FBSnapshotTestCase/Core (2.0.7)
  - FBSnapshotTestCase/SwiftSupport (2.0.7):
    - FBSnapshotTestCase/Core
  - INTULocationManager (4.1.1)
  - KIF (3.3.2):
    - KIF/Core (= 3.3.2)
  - KIF/Core (3.3.2)
  - Nimble (3.0.0)
  - Nimble-Snapshots (3.0.0):
    - FBSnapshotTestCase (~> 2.0.7)
    - Nimble
    - Quick
  - Quick (0.8.0)
  - SwiftyDate (1.0.1)
  - SwiftyJSON (2.3.2)
  - SwiftySettings (0.0.3)
  - SwiftyUserDefaults (2.0.0)

DEPENDENCIES:
  - Alamofire (~> 3.1.5)
  - Charts (~> 2.1.6)
  - FBSnapshotTestCase (~> 2.0.7)
  - INTULocationManager (~> 4.1.1)
  - KIF (~> 3.3.2)
  - Nimble (~> 3.0.0)
  - Nimble-Snapshots (~> 3.0.0)
  - Quick (~> 0.8.0)
  - SwiftyDate (~> 1.0.1)
  - SwiftyJSON (~> 2.3.2)
  - SwiftySettings (~> 0.0.3)
  - SwiftyUserDefaults (~> 2.0.0)

SPEC CHECKSUMS:
  Alamofire: 5f730ba29fd113b7ddd71c1e65d0c630acf5d7b0
  Charts: 5e1e5ac23898e5b09d226a2fc3e9d86bc281937e
  FBSnapshotTestCase: 7e85180d0d141a0cf472352edda7e80d7eaeb547
  INTULocationManager: 83c7373048d583cda57e25eefb9bb8a3675acf16
  KIF: 9de83fa627adaf65d28ace31e40f19d830bc255c
  Nimble: 4c353d43735b38b545cbb4cb91504588eb5de926
  Nimble-Snapshots: ab41dd737dcd33a0b0cb005a30465fef70b7207a
  Quick: 563d0f6ec5f72e394645adb377708639b7dd38ab
  SwiftyDate: c36df91df8f59115bba3180828b633969517c4b0
  SwiftyJSON: 04ccea08915aa0109039157c7974cf0298da292a
  SwiftySettings: 93eea276ba534d80e07208a94a3df05aee520e3d
  SwiftyUserDefaults: 1266e9734c68bcfbac8294ee84173dc8ba6db312

COCOAPODS: 0.39.0
