PODS:
  - Alamofire (3.5.0)
  - Charts (2.2.6):
    - Charts/Core (= 2.2.6)
  - Charts/Core (2.2.6)
  - FBSnapshotTestCase (2.1.1):
    - FBSnapshotTestCase/SwiftSupport (= 2.1.1)
  - FBSnapshotTestCase/Core (2.1.1)
  - FBSnapshotTestCase/SwiftSupport (2.1.1):
    - FBSnapshotTestCase/Core
  - FontAwesome.swift (0.10.1)
  - INTULocationManager (4.2.0)
  - KIF (3.4.2):
    - KIF/Core (= 3.4.2)
  - KIF/Core (3.4.2)
  - MarqueeLabel (2.7.10):
    - MarqueeLabel/ObjC (= 2.7.10)
  - MarqueeLabel/ObjC (2.7.10)
  - Nimble (4.1.0)
  - Nimble-Snapshots (4.1.0):
    - FBSnapshotTestCase (~> 2.0)
    - Nimble
    - Quick
  - Quick (0.9.3)
  - SnapKit (0.22.0)
  - SwiftHEXColors (1.0.4)
  - SwiftyDate (1.0.1)
  - SwiftyJSON (2.3.2)
  - SwiftyUserDefaults (2.2.1)

DEPENDENCIES:
  - Alamofire (~> 3.5.0)
  - Charts (from `https://github.com/danielgindi/Charts`, branch `Swift-2.3`)
  - FBSnapshotTestCase (~> 2.1.1)
  - FontAwesome.swift (from `https://github.com/thii/FontAwesome.swift`, branch `swift-2.3`)
  - INTULocationManager (~> 4.2.0)
  - KIF (~> 3.4.2)
  - MarqueeLabel (~> 2.7.10)
  - Nimble (~> 4.1.0)
  - Nimble-Snapshots (~> 4.1.0)
  - Quick (~> 0.9.3)
  - SnapKit (~> 0.22.0)
  - SwiftHEXColors (~> 1.0.4)
  - SwiftyDate (~> 1.0.1)
  - SwiftyJSON (~> 2.3.2)
  - SwiftyUserDefaults (~> 2.2.1)

EXTERNAL SOURCES:
  Charts:
    :branch: Swift-2.3
    :git: https://github.com/danielgindi/Charts
  FontAwesome.swift:
    :branch: swift-2.3
    :git: https://github.com/thii/FontAwesome.swift

CHECKOUT OPTIONS:
  Charts:
    :commit: ee51dba3be3bab2cae90fcaa5d9b295021f2da03
    :git: https://github.com/danielgindi/Charts
  FontAwesome.swift:
    :commit: 75253b4c741d90284762fe3093044bf491308f86
    :git: https://github.com/thii/FontAwesome.swift

SPEC CHECKSUMS:
  Alamofire: b70a7352335f8ea5babd0a923eb7e8eacc67b877
  Charts: ae18bd29200328832ee8c53d124d25ef51d3193c
  FBSnapshotTestCase: 432afd8d059ccef7f207225894840a03fbcf7474
  FontAwesome.swift: 340bcf987db498134d42838df73960603a720a84
  INTULocationManager: 73f8254b3d05c897c56bb13c190e5b7c648c0998
  KIF: b518c9831453abea5afdbbde3908ec47832d6d56
  MarqueeLabel: 5d722a0bef353178feb301130621b9b8e8b3fcb5
  Nimble: 97a0a4cae5124c117115634b2d055d8c97d0af19
  Nimble-Snapshots: 2da4d2ec829b458d6886c06812c52493fce284c9
  Quick: 13a2a2b19a5d8e3ed4fd0c36ee46597fd77ebf71
  SnapKit: 0dd2fd157330f1ea11fd84da13e6be8a7a22bae0
  SwiftHEXColors: b0ecc7bd83a1aa2e1956f9ba51f55ebb2bcf86ef
  SwiftyDate: c36df91df8f59115bba3180828b633969517c4b0
  SwiftyJSON: 04ccea08915aa0109039157c7974cf0298da292a
  SwiftyUserDefaults: 7abdba50a50ea0c18ee8903af3c88e4c1cb8448d

PODFILE CHECKSUM: 01159ce3507c8be2cc31b0be611456dd8c14c563

COCOAPODS: 1.0.0
