// !$*UTF8*$!
{
	archiveVersion = 1;
	classes = {
	};
	objectVersion = 46;
	objects = {

/* Begin PBXBuildFile section */
		4D05E5D61C8563CD00AA4FCC /* CurrentlyTableViewModel.swift in Sources */ = {isa = PBXBuildFile; fileRef = 4D05E5D51C8563CD00AA4FCC /* CurrentlyTableViewModel.swift */; };
		4D08623D1C1F6F9800FCC09F /* SummaryViewController.swift in Sources */ = {isa = PBXBuildFile; fileRef = 4DCC822D1C1F566200AB2AD5 /* SummaryViewController.swift */; };
		4D08623F1C207BC500FCC09F /* UIColor+Colors.swift in Sources */ = {isa = PBXBuildFile; fileRef = 4D08623E1C207BC500FCC09F /* UIColor+Colors.swift */; };
		4D1F98BF1C895AF000D94653 /* ForecastLanguage.swift in Sources */ = {isa = PBXBuildFile; fileRef = 4D1F98BE1C895AF000D94653 /* ForecastLanguage.swift */; };
		4D552B281C20B75B001BDA3A /* SnapshotSpec.swift in Sources */ = {isa = PBXBuildFile; fileRef = 4D552B271C20B75B001BDA3A /* SnapshotSpec.swift */; };
		4D55C7F61C50A5B100FED655 /* ForecastUnits.swift in Sources */ = {isa = PBXBuildFile; fileRef = 4D55C7F51C50A5B100FED655 /* ForecastUnits.swift */; };
		4D6373301C82B6DD00C40B58 /* NSNumberFormatter+Formatters.swift in Sources */ = {isa = PBXBuildFile; fileRef = 4D63732F1C82B6DD00C40B58 /* NSNumberFormatter+Formatters.swift */; };
		4D6373321C82CE7800C40B58 /* NSDateFormatter+Formatters.swift in Sources */ = {isa = PBXBuildFile; fileRef = 4D6373311C82CE7700C40B58 /* NSDateFormatter+Formatters.swift */; };
		4D6373341C82E46500C40B58 /* Constants.swift in Sources */ = {isa = PBXBuildFile; fileRef = 4D6373331C82E46500C40B58 /* Constants.swift */; };
		4D6373381C840E8E00C40B58 /* weathericons-regular-webfont.ttf in Resources */ = {isa = PBXBuildFile; fileRef = 4D6373371C840E5800C40B58 /* weathericons-regular-webfont.ttf */; };
		4D6373461C85516900C40B58 /* CurrentlyDataBlock.swift in Sources */ = {isa = PBXBuildFile; fileRef = 4D6373451C85516900C40B58 /* CurrentlyDataBlock.swift */; };
		4D6373481C855B3700C40B58 /* CurrentlyTableViewController.swift in Sources */ = {isa = PBXBuildFile; fileRef = 4D6373471C855B3700C40B58 /* CurrentlyTableViewController.swift */; };
		4D718BA41C3F213C00F4C287 /* Icon-Original.png in Resources */ = {isa = PBXBuildFile; fileRef = 4D718BA31C3F213C00F4C287 /* Icon-Original.png */; };
		4D727F5E1C21B32400A0285A /* KIF-Extensions.swift in Sources */ = {isa = PBXBuildFile; fileRef = 4D727F5D1C21B32400A0285A /* KIF-Extensions.swift */; };
		4D7AF9761C588AE500A92ABF /* DefaultsKeys+Keys.swift in Sources */ = {isa = PBXBuildFile; fileRef = 4D7AF9751C588AE500A92ABF /* DefaultsKeys+Keys.swift */; };
		4D7AF9781C588D1600A92ABF /* SettingsStore.swift in Sources */ = {isa = PBXBuildFile; fileRef = 4D7AF9771C588D1600A92ABF /* SettingsStore.swift */; };
		4D7E0DF01C064B4D00A15C54 /* AppDelegate.swift in Sources */ = {isa = PBXBuildFile; fileRef = 4D7E0DEF1C064B4D00A15C54 /* AppDelegate.swift */; };
		4D7E0DF71C064B4D00A15C54 /* Assets.xcassets in Resources */ = {isa = PBXBuildFile; fileRef = 4D7E0DF61C064B4D00A15C54 /* Assets.xcassets */; };
		4D7E0DFA1C064B4D00A15C54 /* LaunchScreen.storyboard in Resources */ = {isa = PBXBuildFile; fileRef = 4D7E0DF81C064B4D00A15C54 /* LaunchScreen.storyboard */; };
		4D7E0E051C064B4D00A15C54 /* PrecipitateTests.swift in Sources */ = {isa = PBXBuildFile; fileRef = 4D7E0E041C064B4D00A15C54 /* PrecipitateTests.swift */; };
		4D7E0E1E1C06785500A15C54 /* Secrets.swift in Sources */ = {isa = PBXBuildFile; fileRef = 4D7E0E1D1C06785500A15C54 /* Secrets.swift */; };
		4DA717171C0FAFFF0039418E /* ForecastAPIClient.swift in Sources */ = {isa = PBXBuildFile; fileRef = 4DA717161C0FAFFF0039418E /* ForecastAPIClient.swift */; };
		4DA717191C15CEDA0039418E /* Main.storyboard in Resources */ = {isa = PBXBuildFile; fileRef = 4DA717181C15CEDA0039418E /* Main.storyboard */; };
		4DA7171D1C15CFA10039418E /* ChartsTableViewController.swift in Sources */ = {isa = PBXBuildFile; fileRef = 4DA7171C1C15CFA10039418E /* ChartsTableViewController.swift */; };
		4DA7171F1C15CFCF0039418E /* LineChartCell.swift in Sources */ = {isa = PBXBuildFile; fileRef = 4DA7171E1C15CFCF0039418E /* LineChartCell.swift */; };
		4DB1EC281C574DFA00131BB2 /* PrecipitateSettingsViewController.swift in Sources */ = {isa = PBXBuildFile; fileRef = 4DB1EC271C574DFA00131BB2 /* PrecipitateSettingsViewController.swift */; };
		4DCB44FC1C166C2C00C02325 /* DataEntryCollator.swift in Sources */ = {isa = PBXBuildFile; fileRef = 4DCB44FB1C166C2C00C02325 /* DataEntryCollator.swift */; };
		4DCB44FE1C168AE800C02325 /* ChartDataSetManager.swift in Sources */ = {isa = PBXBuildFile; fileRef = 4DCB44FD1C168AE800C02325 /* ChartDataSetManager.swift */; };
		4DCB45021C18897D00C02325 /* LineChartDataManager.swift in Sources */ = {isa = PBXBuildFile; fileRef = 4DCB45011C18897D00C02325 /* LineChartDataManager.swift */; };
		4DCC82301C1F65EA00AB2AD5 /* WeatherIconName.swift in Sources */ = {isa = PBXBuildFile; fileRef = 4DCC822F1C1F65EA00AB2AD5 /* WeatherIconName.swift */; };
		4DCD9BC81C7127E900EA772B /* forecast20160122-0030-si.json in Resources */ = {isa = PBXBuildFile; fileRef = 4DB1EC011C55A0E500131BB2 /* forecast20160122-0030-si.json */; };
		4DCD9BC91C7127E900EA772B /* forecast20160122-0033-us.json in Resources */ = {isa = PBXBuildFile; fileRef = 4DB1EC021C55A0E500131BB2 /* forecast20160122-0033-us.json */; };
		4DCD9BCA1C7127E900EA772B /* forecast20160122-0034-uk2.json in Resources */ = {isa = PBXBuildFile; fileRef = 4DB1EC031C55A0E500131BB2 /* forecast20160122-0034-uk2.json */; };
		4DCD9BCB1C7127E900EA772B /* forecast20160122-0037-ca.json in Resources */ = {isa = PBXBuildFile; fileRef = 4DB1EC041C55A0E500131BB2 /* forecast20160122-0037-ca.json */; };
		4DCD9BCC1C7127E900EA772B /* forecast20160122-1809-si.json in Resources */ = {isa = PBXBuildFile; fileRef = 4DB1EC051C55A0E500131BB2 /* forecast20160122-1809-si.json */; };
		4DCD9BCD1C7127E900EA772B /* forecast20160122-1809-us.json in Resources */ = {isa = PBXBuildFile; fileRef = 4DB1EC061C55A0E500131BB2 /* forecast20160122-1809-us.json */; };
		4DCD9BCE1C7127E900EA772B /* forecast20160122-2140-ca.json in Resources */ = {isa = PBXBuildFile; fileRef = 4DB1EC071C55A0E500131BB2 /* forecast20160122-2140-ca.json */; };
		4DCD9BCF1C7127E900EA772B /* forecast20160122-2140-si.json in Resources */ = {isa = PBXBuildFile; fileRef = 4DB1EC081C55A0E500131BB2 /* forecast20160122-2140-si.json */; };
		4DCD9BD01C7127E900EA772B /* forecast20160122-2140-uk2.json in Resources */ = {isa = PBXBuildFile; fileRef = 4DB1EC091C55A0E500131BB2 /* forecast20160122-2140-uk2.json */; };
		4DCD9BD11C7127E900EA772B /* forecast20160122-2140-us.json in Resources */ = {isa = PBXBuildFile; fileRef = 4DB1EC0A1C55A0E500131BB2 /* forecast20160122-2140-us.json */; };
		4DCD9BD21C7127E900EA772B /* forecast20160123-0306-ca.json in Resources */ = {isa = PBXBuildFile; fileRef = 4DB1EC0B1C55A0E500131BB2 /* forecast20160123-0306-ca.json */; };
		4DCD9BD31C7127E900EA772B /* forecast20160123-0306-si.json in Resources */ = {isa = PBXBuildFile; fileRef = 4DB1EC0C1C55A0E500131BB2 /* forecast20160123-0306-si.json */; };
		4DCD9BD41C7127E900EA772B /* forecast20160123-0306-uk2.json in Resources */ = {isa = PBXBuildFile; fileRef = 4DB1EC0D1C55A0E500131BB2 /* forecast20160123-0306-uk2.json */; };
		4DCD9BD51C7127E900EA772B /* forecast20160123-0306-us.json in Resources */ = {isa = PBXBuildFile; fileRef = 4DB1EC0E1C55A0E500131BB2 /* forecast20160123-0306-us.json */; };
		4DCD9BD61C7127E900EA772B /* forecast20160123-1547-us.json in Resources */ = {isa = PBXBuildFile; fileRef = 4DB1EC001C55A0E500131BB2 /* forecast20160123-1547-us.json */; };
		4DCD9BD71C7127E900EA772B /* forecast20160123-1547-ca.json in Resources */ = {isa = PBXBuildFile; fileRef = 4DB1EC0F1C55A0E500131BB2 /* forecast20160123-1547-ca.json */; };
		4DCD9BD81C7127E900EA772B /* forecast20160123-1547-si.json in Resources */ = {isa = PBXBuildFile; fileRef = 4DB1EC101C55A0E500131BB2 /* forecast20160123-1547-si.json */; };
		4DCD9BD91C7127E900EA772B /* forecast20160123-1547-uk2.json in Resources */ = {isa = PBXBuildFile; fileRef = 4DB1EC111C55A0E500131BB2 /* forecast20160123-1547-uk2.json */; };
		4DCD9BDA1C7127F700EA772B /* saved-forecast.json in Resources */ = {isa = PBXBuildFile; fileRef = 4DB10E921C193DD1002D618E /* saved-forecast.json */; };
		4DCF06B01C18E8D0009FEEA9 /* WeatherPageViewController.swift in Sources */ = {isa = PBXBuildFile; fileRef = 4DCF06AF1C18E8D0009FEEA9 /* WeatherPageViewController.swift */; };
		4DCF06B21C18E8E4009FEEA9 /* InitialViewController.swift in Sources */ = {isa = PBXBuildFile; fileRef = 4DCF06B11C18E8E4009FEEA9 /* InitialViewController.swift */; };
		50BD138207F9615EFF0F308B /* Pods_PrecipitateTests.framework in Frameworks */ = {isa = PBXBuildFile; fileRef = 5C3DF2AC0F65C37E63E85DFF /* Pods_PrecipitateTests.framework */; };
		927576AC12D526E4B3DB051E /* Pods_Precipitate.framework in Frameworks */ = {isa = PBXBuildFile; fileRef = 9EFA1F2812C47E8BBE632189 /* Pods_Precipitate.framework */; };
/* End PBXBuildFile section */

/* Begin PBXContainerItemProxy section */
		4D7E0E011C064B4D00A15C54 /* PBXContainerItemProxy */ = {
			isa = PBXContainerItemProxy;
			containerPortal = 4D7E0DE41C064B4D00A15C54 /* Project object */;
			proxyType = 1;
			remoteGlobalIDString = 4D7E0DEB1C064B4D00A15C54;
			remoteInfo = Precipitate;
		};
/* End PBXContainerItemProxy section */

/* Begin PBXFileReference section */
		10A33F943356239AD43CB6A7 /* Pods-Precipitate.debug.xcconfig */ = {isa = PBXFileReference; includeInIndex = 1; lastKnownFileType = text.xcconfig; name = "Pods-Precipitate.debug.xcconfig"; path = "Pods/Target Support Files/Pods-Precipitate/Pods-Precipitate.debug.xcconfig"; sourceTree = "<group>"; };
		4D05E5D51C8563CD00AA4FCC /* CurrentlyTableViewModel.swift */ = {isa = PBXFileReference; fileEncoding = 4; lastKnownFileType = sourcecode.swift; path = CurrentlyTableViewModel.swift; sourceTree = "<group>"; };
		4D08623E1C207BC500FCC09F /* UIColor+Colors.swift */ = {isa = PBXFileReference; fileEncoding = 4; lastKnownFileType = sourcecode.swift; path = "UIColor+Colors.swift"; sourceTree = "<group>"; };
		4D1F98BE1C895AF000D94653 /* ForecastLanguage.swift */ = {isa = PBXFileReference; fileEncoding = 4; lastKnownFileType = sourcecode.swift; path = ForecastLanguage.swift; sourceTree = "<group>"; };
		4D552B261C20B632001BDA3A /* PrecipitateTests-Bridging-Header.h */ = {isa = PBXFileReference; fileEncoding = 4; lastKnownFileType = sourcecode.c.h; path = "PrecipitateTests-Bridging-Header.h"; sourceTree = "<group>"; };
		4D552B271C20B75B001BDA3A /* SnapshotSpec.swift */ = {isa = PBXFileReference; fileEncoding = 4; lastKnownFileType = sourcecode.swift; path = SnapshotSpec.swift; sourceTree = "<group>"; };
		4D55C7F51C50A5B100FED655 /* ForecastUnits.swift */ = {isa = PBXFileReference; fileEncoding = 4; lastKnownFileType = sourcecode.swift; path = ForecastUnits.swift; sourceTree = "<group>"; };
		4D63732F1C82B6DD00C40B58 /* NSNumberFormatter+Formatters.swift */ = {isa = PBXFileReference; fileEncoding = 4; lastKnownFileType = sourcecode.swift; path = "NSNumberFormatter+Formatters.swift"; sourceTree = "<group>"; };
		4D6373311C82CE7700C40B58 /* NSDateFormatter+Formatters.swift */ = {isa = PBXFileReference; fileEncoding = 4; lastKnownFileType = sourcecode.swift; path = "NSDateFormatter+Formatters.swift"; sourceTree = "<group>"; };
		4D6373331C82E46500C40B58 /* Constants.swift */ = {isa = PBXFileReference; fileEncoding = 4; lastKnownFileType = sourcecode.swift; path = Constants.swift; sourceTree = "<group>"; };
		4D6373371C840E5800C40B58 /* weathericons-regular-webfont.ttf */ = {isa = PBXFileReference; lastKnownFileType = file; path = "weathericons-regular-webfont.ttf"; sourceTree = "<group>"; };
		4D6373451C85516900C40B58 /* CurrentlyDataBlock.swift */ = {isa = PBXFileReference; fileEncoding = 4; lastKnownFileType = sourcecode.swift; path = CurrentlyDataBlock.swift; sourceTree = "<group>"; };
		4D6373471C855B3700C40B58 /* CurrentlyTableViewController.swift */ = {isa = PBXFileReference; fileEncoding = 4; lastKnownFileType = sourcecode.swift; path = CurrentlyTableViewController.swift; sourceTree = "<group>"; };
		4D718BA31C3F213C00F4C287 /* Icon-Original.png */ = {isa = PBXFileReference; lastKnownFileType = image.png; name = "Icon-Original.png"; path = "PrecipitateIconAssets/Icon-Original.png"; sourceTree = SOURCE_ROOT; };
		4D727F5D1C21B32400A0285A /* KIF-Extensions.swift */ = {isa = PBXFileReference; fileEncoding = 4; lastKnownFileType = sourcecode.swift; path = "KIF-Extensions.swift"; sourceTree = "<group>"; };
		4D7AF9751C588AE500A92ABF /* DefaultsKeys+Keys.swift */ = {isa = PBXFileReference; fileEncoding = 4; lastKnownFileType = sourcecode.swift; path = "DefaultsKeys+Keys.swift"; sourceTree = "<group>"; };
		4D7AF9771C588D1600A92ABF /* SettingsStore.swift */ = {isa = PBXFileReference; fileEncoding = 4; lastKnownFileType = sourcecode.swift; path = SettingsStore.swift; sourceTree = "<group>"; };
		4D7E0DEC1C064B4D00A15C54 /* Precipitate.app */ = {isa = PBXFileReference; explicitFileType = wrapper.application; includeInIndex = 0; path = Precipitate.app; sourceTree = BUILT_PRODUCTS_DIR; };
		4D7E0DEF1C064B4D00A15C54 /* AppDelegate.swift */ = {isa = PBXFileReference; lastKnownFileType = sourcecode.swift; path = AppDelegate.swift; sourceTree = "<group>"; };
		4D7E0DF61C064B4D00A15C54 /* Assets.xcassets */ = {isa = PBXFileReference; lastKnownFileType = folder.assetcatalog; path = Assets.xcassets; sourceTree = "<group>"; };
		4D7E0DF91C064B4D00A15C54 /* Base */ = {isa = PBXFileReference; lastKnownFileType = file.storyboard; name = Base; path = Base.lproj/LaunchScreen.storyboard; sourceTree = "<group>"; };
		4D7E0DFB1C064B4D00A15C54 /* Info.plist */ = {isa = PBXFileReference; lastKnownFileType = text.plist.xml; path = Info.plist; sourceTree = "<group>"; };
		4D7E0E001C064B4D00A15C54 /* PrecipitateTests.xctest */ = {isa = PBXFileReference; explicitFileType = wrapper.cfbundle; includeInIndex = 0; path = PrecipitateTests.xctest; sourceTree = BUILT_PRODUCTS_DIR; };
		4D7E0E041C064B4D00A15C54 /* PrecipitateTests.swift */ = {isa = PBXFileReference; lastKnownFileType = sourcecode.swift; path = PrecipitateTests.swift; sourceTree = "<group>"; };
		4D7E0E061C064B4D00A15C54 /* Info.plist */ = {isa = PBXFileReference; lastKnownFileType = text.plist.xml; path = Info.plist; sourceTree = "<group>"; };
		4D7E0E0F1C064B4D00A15C54 /* PrecipitateUITests.swift */ = {isa = PBXFileReference; lastKnownFileType = sourcecode.swift; path = PrecipitateUITests.swift; sourceTree = "<group>"; };
		4D7E0E111C064B4D00A15C54 /* Info.plist */ = {isa = PBXFileReference; lastKnownFileType = text.plist.xml; path = Info.plist; sourceTree = "<group>"; };
		4D7E0E1D1C06785500A15C54 /* Secrets.swift */ = {isa = PBXFileReference; fileEncoding = 4; lastKnownFileType = sourcecode.swift; path = Secrets.swift; sourceTree = "<group>"; };
		4DA717161C0FAFFF0039418E /* ForecastAPIClient.swift */ = {isa = PBXFileReference; fileEncoding = 4; lastKnownFileType = sourcecode.swift; path = ForecastAPIClient.swift; sourceTree = "<group>"; };
		4DA717181C15CEDA0039418E /* Main.storyboard */ = {isa = PBXFileReference; fileEncoding = 4; lastKnownFileType = file.storyboard; path = Main.storyboard; sourceTree = "<group>"; };
		4DA7171C1C15CFA10039418E /* ChartsTableViewController.swift */ = {isa = PBXFileReference; fileEncoding = 4; lastKnownFileType = sourcecode.swift; path = ChartsTableViewController.swift; sourceTree = "<group>"; };
		4DA7171E1C15CFCF0039418E /* LineChartCell.swift */ = {isa = PBXFileReference; fileEncoding = 4; lastKnownFileType = sourcecode.swift; path = LineChartCell.swift; sourceTree = "<group>"; };
		4DA717261C1616EC0039418E /* Precipitate-Bridging-Header.h */ = {isa = PBXFileReference; fileEncoding = 4; lastKnownFileType = sourcecode.c.h; path = "Precipitate-Bridging-Header.h"; sourceTree = "<group>"; };
		4DB10E921C193DD1002D618E /* saved-forecast.json */ = {isa = PBXFileReference; fileEncoding = 4; lastKnownFileType = text.json; path = "saved-forecast.json"; sourceTree = "<group>"; };
		4DB1EC001C55A0E500131BB2 /* forecast20160123-1547-us.json */ = {isa = PBXFileReference; fileEncoding = 4; lastKnownFileType = text.json; name = "forecast20160123-1547-us.json"; path = "JSONfiles/forecast20160123-1547-us.json"; sourceTree = SOURCE_ROOT; };
		4DB1EC011C55A0E500131BB2 /* forecast20160122-0030-si.json */ = {isa = PBXFileReference; fileEncoding = 4; lastKnownFileType = text.json; name = "forecast20160122-0030-si.json"; path = "JSONfiles/forecast20160122-0030-si.json"; sourceTree = SOURCE_ROOT; };
		4DB1EC021C55A0E500131BB2 /* forecast20160122-0033-us.json */ = {isa = PBXFileReference; fileEncoding = 4; lastKnownFileType = text.json; name = "forecast20160122-0033-us.json"; path = "JSONfiles/forecast20160122-0033-us.json"; sourceTree = SOURCE_ROOT; };
		4DB1EC031C55A0E500131BB2 /* forecast20160122-0034-uk2.json */ = {isa = PBXFileReference; fileEncoding = 4; lastKnownFileType = text.json; name = "forecast20160122-0034-uk2.json"; path = "JSONfiles/forecast20160122-0034-uk2.json"; sourceTree = SOURCE_ROOT; };
		4DB1EC041C55A0E500131BB2 /* forecast20160122-0037-ca.json */ = {isa = PBXFileReference; fileEncoding = 4; lastKnownFileType = text.json; name = "forecast20160122-0037-ca.json"; path = "JSONfiles/forecast20160122-0037-ca.json"; sourceTree = SOURCE_ROOT; };
		4DB1EC051C55A0E500131BB2 /* forecast20160122-1809-si.json */ = {isa = PBXFileReference; fileEncoding = 4; lastKnownFileType = text.json; name = "forecast20160122-1809-si.json"; path = "JSONfiles/forecast20160122-1809-si.json"; sourceTree = SOURCE_ROOT; };
		4DB1EC061C55A0E500131BB2 /* forecast20160122-1809-us.json */ = {isa = PBXFileReference; fileEncoding = 4; lastKnownFileType = text.json; name = "forecast20160122-1809-us.json"; path = "JSONfiles/forecast20160122-1809-us.json"; sourceTree = SOURCE_ROOT; };
		4DB1EC071C55A0E500131BB2 /* forecast20160122-2140-ca.json */ = {isa = PBXFileReference; fileEncoding = 4; lastKnownFileType = text.json; name = "forecast20160122-2140-ca.json"; path = "JSONfiles/forecast20160122-2140-ca.json"; sourceTree = SOURCE_ROOT; };
		4DB1EC081C55A0E500131BB2 /* forecast20160122-2140-si.json */ = {isa = PBXFileReference; fileEncoding = 4; lastKnownFileType = text.json; name = "forecast20160122-2140-si.json"; path = "JSONfiles/forecast20160122-2140-si.json"; sourceTree = SOURCE_ROOT; };
		4DB1EC091C55A0E500131BB2 /* forecast20160122-2140-uk2.json */ = {isa = PBXFileReference; fileEncoding = 4; lastKnownFileType = text.json; name = "forecast20160122-2140-uk2.json"; path = "JSONfiles/forecast20160122-2140-uk2.json"; sourceTree = SOURCE_ROOT; };
		4DB1EC0A1C55A0E500131BB2 /* forecast20160122-2140-us.json */ = {isa = PBXFileReference; fileEncoding = 4; lastKnownFileType = text.json; name = "forecast20160122-2140-us.json"; path = "JSONfiles/forecast20160122-2140-us.json"; sourceTree = SOURCE_ROOT; };
		4DB1EC0B1C55A0E500131BB2 /* forecast20160123-0306-ca.json */ = {isa = PBXFileReference; fileEncoding = 4; lastKnownFileType = text.json; name = "forecast20160123-0306-ca.json"; path = "JSONfiles/forecast20160123-0306-ca.json"; sourceTree = SOURCE_ROOT; };
		4DB1EC0C1C55A0E500131BB2 /* forecast20160123-0306-si.json */ = {isa = PBXFileReference; fileEncoding = 4; lastKnownFileType = text.json; name = "forecast20160123-0306-si.json"; path = "JSONfiles/forecast20160123-0306-si.json"; sourceTree = SOURCE_ROOT; };
		4DB1EC0D1C55A0E500131BB2 /* forecast20160123-0306-uk2.json */ = {isa = PBXFileReference; fileEncoding = 4; lastKnownFileType = text.json; name = "forecast20160123-0306-uk2.json"; path = "JSONfiles/forecast20160123-0306-uk2.json"; sourceTree = SOURCE_ROOT; };
		4DB1EC0E1C55A0E500131BB2 /* forecast20160123-0306-us.json */ = {isa = PBXFileReference; fileEncoding = 4; lastKnownFileType = text.json; name = "forecast20160123-0306-us.json"; path = "JSONfiles/forecast20160123-0306-us.json"; sourceTree = SOURCE_ROOT; };
		4DB1EC0F1C55A0E500131BB2 /* forecast20160123-1547-ca.json */ = {isa = PBXFileReference; fileEncoding = 4; lastKnownFileType = text.json; name = "forecast20160123-1547-ca.json"; path = "JSONfiles/forecast20160123-1547-ca.json"; sourceTree = SOURCE_ROOT; };
		4DB1EC101C55A0E500131BB2 /* forecast20160123-1547-si.json */ = {isa = PBXFileReference; fileEncoding = 4; lastKnownFileType = text.json; name = "forecast20160123-1547-si.json"; path = "JSONfiles/forecast20160123-1547-si.json"; sourceTree = SOURCE_ROOT; };
		4DB1EC111C55A0E500131BB2 /* forecast20160123-1547-uk2.json */ = {isa = PBXFileReference; fileEncoding = 4; lastKnownFileType = text.json; name = "forecast20160123-1547-uk2.json"; path = "JSONfiles/forecast20160123-1547-uk2.json"; sourceTree = SOURCE_ROOT; };
		4DB1EC271C574DFA00131BB2 /* PrecipitateSettingsViewController.swift */ = {isa = PBXFileReference; fileEncoding = 4; lastKnownFileType = sourcecode.swift; path = PrecipitateSettingsViewController.swift; sourceTree = "<group>"; };
		4DCB44FB1C166C2C00C02325 /* DataEntryCollator.swift */ = {isa = PBXFileReference; fileEncoding = 4; lastKnownFileType = sourcecode.swift; path = DataEntryCollator.swift; sourceTree = "<group>"; };
		4DCB44FD1C168AE800C02325 /* ChartDataSetManager.swift */ = {isa = PBXFileReference; fileEncoding = 4; lastKnownFileType = sourcecode.swift; path = ChartDataSetManager.swift; sourceTree = "<group>"; };
		4DCB45011C18897D00C02325 /* LineChartDataManager.swift */ = {isa = PBXFileReference; fileEncoding = 4; lastKnownFileType = sourcecode.swift; path = LineChartDataManager.swift; sourceTree = "<group>"; };
		4DCC822D1C1F566200AB2AD5 /* SummaryViewController.swift */ = {isa = PBXFileReference; fileEncoding = 4; lastKnownFileType = sourcecode.swift; path = SummaryViewController.swift; sourceTree = "<group>"; };
		4DCC822F1C1F65EA00AB2AD5 /* WeatherIconName.swift */ = {isa = PBXFileReference; fileEncoding = 4; lastKnownFileType = sourcecode.swift; path = WeatherIconName.swift; sourceTree = "<group>"; };
		4DCF06AF1C18E8D0009FEEA9 /* WeatherPageViewController.swift */ = {isa = PBXFileReference; fileEncoding = 4; lastKnownFileType = sourcecode.swift; path = WeatherPageViewController.swift; sourceTree = "<group>"; };
		4DCF06B11C18E8E4009FEEA9 /* InitialViewController.swift */ = {isa = PBXFileReference; fileEncoding = 4; lastKnownFileType = sourcecode.swift; path = InitialViewController.swift; sourceTree = "<group>"; };
		5C3DF2AC0F65C37E63E85DFF /* Pods_PrecipitateTests.framework */ = {isa = PBXFileReference; explicitFileType = wrapper.framework; includeInIndex = 0; path = Pods_PrecipitateTests.framework; sourceTree = BUILT_PRODUCTS_DIR; };
		5F30AF15DA5A778039A01B94 /* Pods-PrecipitateTests.release.xcconfig */ = {isa = PBXFileReference; includeInIndex = 1; lastKnownFileType = text.xcconfig; name = "Pods-PrecipitateTests.release.xcconfig"; path = "Pods/Target Support Files/Pods-PrecipitateTests/Pods-PrecipitateTests.release.xcconfig"; sourceTree = "<group>"; };
		77820C9BD56E7D5302992A22 /* Pods-PrecipitateUITests.release.xcconfig */ = {isa = PBXFileReference; includeInIndex = 1; lastKnownFileType = text.xcconfig; name = "Pods-PrecipitateUITests.release.xcconfig"; path = "Pods/Target Support Files/Pods-PrecipitateUITests/Pods-PrecipitateUITests.release.xcconfig"; sourceTree = "<group>"; };
		9EFA1F2812C47E8BBE632189 /* Pods_Precipitate.framework */ = {isa = PBXFileReference; explicitFileType = wrapper.framework; includeInIndex = 0; path = Pods_Precipitate.framework; sourceTree = BUILT_PRODUCTS_DIR; };
		ACA941FF68011B2F61E7D541 /* Pods_PrecipitateUITests.framework */ = {isa = PBXFileReference; explicitFileType = wrapper.framework; includeInIndex = 0; path = Pods_PrecipitateUITests.framework; sourceTree = BUILT_PRODUCTS_DIR; };
		B66353621CEF7E421A8B2C7B /* Pods-PrecipitateTests.debug.xcconfig */ = {isa = PBXFileReference; includeInIndex = 1; lastKnownFileType = text.xcconfig; name = "Pods-PrecipitateTests.debug.xcconfig"; path = "Pods/Target Support Files/Pods-PrecipitateTests/Pods-PrecipitateTests.debug.xcconfig"; sourceTree = "<group>"; };
		D88F33E104E4FAD2A7A33AEB /* Pods-Precipitate.release.xcconfig */ = {isa = PBXFileReference; includeInIndex = 1; lastKnownFileType = text.xcconfig; name = "Pods-Precipitate.release.xcconfig"; path = "Pods/Target Support Files/Pods-Precipitate/Pods-Precipitate.release.xcconfig"; sourceTree = "<group>"; };
		E3485C80C178391B0E630F8A /* Pods-PrecipitateUITests.debug.xcconfig */ = {isa = PBXFileReference; includeInIndex = 1; lastKnownFileType = text.xcconfig; name = "Pods-PrecipitateUITests.debug.xcconfig"; path = "Pods/Target Support Files/Pods-PrecipitateUITests/Pods-PrecipitateUITests.debug.xcconfig"; sourceTree = "<group>"; };
/* End PBXFileReference section */

/* Begin PBXFrameworksBuildPhase section */
		4D7E0DE91C064B4D00A15C54 /* Frameworks */ = {
			isa = PBXFrameworksBuildPhase;
			buildActionMask = 2147483647;
			files = (
				927576AC12D526E4B3DB051E /* Pods_Precipitate.framework in Frameworks */,
			);
			runOnlyForDeploymentPostprocessing = 0;
		};
		4D7E0DFD1C064B4D00A15C54 /* Frameworks */ = {
			isa = PBXFrameworksBuildPhase;
			buildActionMask = 2147483647;
			files = (
				50BD138207F9615EFF0F308B /* Pods_PrecipitateTests.framework in Frameworks */,
			);
			runOnlyForDeploymentPostprocessing = 0;
		};
/* End PBXFrameworksBuildPhase section */

/* Begin PBXGroup section */
		20E04DFC6A61427E6F691AC9 /* Pods */ = {
			isa = PBXGroup;
			children = (
				10A33F943356239AD43CB6A7 /* Pods-Precipitate.debug.xcconfig */,
				D88F33E104E4FAD2A7A33AEB /* Pods-Precipitate.release.xcconfig */,
				B66353621CEF7E421A8B2C7B /* Pods-PrecipitateTests.debug.xcconfig */,
				5F30AF15DA5A778039A01B94 /* Pods-PrecipitateTests.release.xcconfig */,
				E3485C80C178391B0E630F8A /* Pods-PrecipitateUITests.debug.xcconfig */,
				77820C9BD56E7D5302992A22 /* Pods-PrecipitateUITests.release.xcconfig */,
			);
			name = Pods;
			sourceTree = "<group>";
		};
		4D7E0DE31C064B4D00A15C54 = {
			isa = PBXGroup;
			children = (
				4D7E0DEE1C064B4D00A15C54 /* Precipitate */,
				4D7E0E031C064B4D00A15C54 /* PrecipitateTests */,
				4D7E0E0E1C064B4D00A15C54 /* PrecipitateUITests */,
				4D7E0DED1C064B4D00A15C54 /* Products */,
				20E04DFC6A61427E6F691AC9 /* Pods */,
				EE7AF513508E693F27478AF1 /* Frameworks */,
			);
			sourceTree = "<group>";
		};
		4D7E0DED1C064B4D00A15C54 /* Products */ = {
			isa = PBXGroup;
			children = (
				4D7E0DEC1C064B4D00A15C54 /* Precipitate.app */,
				4D7E0E001C064B4D00A15C54 /* PrecipitateTests.xctest */,
			);
			name = Products;
			sourceTree = "<group>";
		};
		4D7E0DEE1C064B4D00A15C54 /* Precipitate */ = {
			isa = PBXGroup;
			children = (
				4D7E0E1D1C06785500A15C54 /* Secrets.swift */,
				4D6373331C82E46500C40B58 /* Constants.swift */,
				4D08623E1C207BC500FCC09F /* UIColor+Colors.swift */,
				4D6373311C82CE7700C40B58 /* NSDateFormatter+Formatters.swift */,
				4D63732F1C82B6DD00C40B58 /* NSNumberFormatter+Formatters.swift */,
				4D7E0DEF1C064B4D00A15C54 /* AppDelegate.swift */,
				4DA717181C15CEDA0039418E /* Main.storyboard */,
				4DCC822B1C1F448100AB2AD5 /* ViewControllers */,
				4DA717161C0FAFFF0039418E /* ForecastAPIClient.swift */,
				4D55C7F51C50A5B100FED655 /* ForecastUnits.swift */,
				4D1F98BE1C895AF000D94653 /* ForecastLanguage.swift */,
				4D7AF9771C588D1600A92ABF /* SettingsStore.swift */,
				4D7AF9751C588AE500A92ABF /* DefaultsKeys+Keys.swift */,
				4D05E5D51C8563CD00AA4FCC /* CurrentlyTableViewModel.swift */,
				4DCC822A1C1F446900AB2AD5 /* DataConverters */,
				4DCC822C1C1F44A600AB2AD5 /* Resources */,
			);
			path = Precipitate;
			sourceTree = "<group>";
		};
		4D7E0E031C064B4D00A15C54 /* PrecipitateTests */ = {
			isa = PBXGroup;
			children = (
				4D552B271C20B75B001BDA3A /* SnapshotSpec.swift */,
				4D7E0E041C064B4D00A15C54 /* PrecipitateTests.swift */,
				4D552B261C20B632001BDA3A /* PrecipitateTests-Bridging-Header.h */,
				4D727F5D1C21B32400A0285A /* KIF-Extensions.swift */,
				4D7E0E061C064B4D00A15C54 /* Info.plist */,
			);
			path = PrecipitateTests;
			sourceTree = "<group>";
		};
		4D7E0E0E1C064B4D00A15C54 /* PrecipitateUITests */ = {
			isa = PBXGroup;
			children = (
				4D7E0E0F1C064B4D00A15C54 /* PrecipitateUITests.swift */,
				4D7E0E111C064B4D00A15C54 /* Info.plist */,
			);
			path = PrecipitateUITests;
			sourceTree = "<group>";
		};
		4DB1EBFF1C55A0AC00131BB2 /* JSONFiles */ = {
			isa = PBXGroup;
			children = (
				4DB1EC011C55A0E500131BB2 /* forecast20160122-0030-si.json */,
				4DB1EC021C55A0E500131BB2 /* forecast20160122-0033-us.json */,
				4DB1EC031C55A0E500131BB2 /* forecast20160122-0034-uk2.json */,
				4DB1EC041C55A0E500131BB2 /* forecast20160122-0037-ca.json */,
				4DB1EC051C55A0E500131BB2 /* forecast20160122-1809-si.json */,
				4DB1EC061C55A0E500131BB2 /* forecast20160122-1809-us.json */,
				4DB1EC071C55A0E500131BB2 /* forecast20160122-2140-ca.json */,
				4DB1EC081C55A0E500131BB2 /* forecast20160122-2140-si.json */,
				4DB1EC091C55A0E500131BB2 /* forecast20160122-2140-uk2.json */,
				4DB1EC0A1C55A0E500131BB2 /* forecast20160122-2140-us.json */,
				4DB1EC0B1C55A0E500131BB2 /* forecast20160123-0306-ca.json */,
				4DB1EC0C1C55A0E500131BB2 /* forecast20160123-0306-si.json */,
				4DB1EC0D1C55A0E500131BB2 /* forecast20160123-0306-uk2.json */,
				4DB1EC0E1C55A0E500131BB2 /* forecast20160123-0306-us.json */,
				4DB1EC001C55A0E500131BB2 /* forecast20160123-1547-us.json */,
				4DB1EC0F1C55A0E500131BB2 /* forecast20160123-1547-ca.json */,
				4DB1EC101C55A0E500131BB2 /* forecast20160123-1547-si.json */,
				4DB1EC111C55A0E500131BB2 /* forecast20160123-1547-uk2.json */,
			);
			name = JSONFiles;
			sourceTree = "<group>";
		};
		4DCC822A1C1F446900AB2AD5 /* DataConverters */ = {
			isa = PBXGroup;
			children = (
				4DCB45011C18897D00C02325 /* LineChartDataManager.swift */,
				4DCB44FD1C168AE800C02325 /* ChartDataSetManager.swift */,
				4DCB44FB1C166C2C00C02325 /* DataEntryCollator.swift */,
				4D6373451C85516900C40B58 /* CurrentlyDataBlock.swift */,
				4DCC822F1C1F65EA00AB2AD5 /* WeatherIconName.swift */,
			);
			name = DataConverters;
			sourceTree = "<group>";
		};
		4DCC822B1C1F448100AB2AD5 /* ViewControllers */ = {
			isa = PBXGroup;
			children = (
				4DCF06B11C18E8E4009FEEA9 /* InitialViewController.swift */,
				4DCC822D1C1F566200AB2AD5 /* SummaryViewController.swift */,
				4DB1EC271C574DFA00131BB2 /* PrecipitateSettingsViewController.swift */,
				4DCF06AF1C18E8D0009FEEA9 /* WeatherPageViewController.swift */,
				4D6373471C855B3700C40B58 /* CurrentlyTableViewController.swift */,
				4DA7171C1C15CFA10039418E /* ChartsTableViewController.swift */,
				4DA7171E1C15CFCF0039418E /* LineChartCell.swift */,
			);
			name = ViewControllers;
			sourceTree = "<group>";
		};
		4DCC822C1C1F44A600AB2AD5 /* Resources */ = {
			isa = PBXGroup;
			children = (
				4D718BA31C3F213C00F4C287 /* Icon-Original.png */,
				4D7E0DF61C064B4D00A15C54 /* Assets.xcassets */,
				4D6373371C840E5800C40B58 /* weathericons-regular-webfont.ttf */,
				4D7E0DF81C064B4D00A15C54 /* LaunchScreen.storyboard */,
				4D7E0DFB1C064B4D00A15C54 /* Info.plist */,
				4DB10E921C193DD1002D618E /* saved-forecast.json */,
				4DA717261C1616EC0039418E /* Precipitate-Bridging-Header.h */,
				4DB1EBFF1C55A0AC00131BB2 /* JSONFiles */,
			);
			name = Resources;
			sourceTree = "<group>";
		};
		EE7AF513508E693F27478AF1 /* Frameworks */ = {
			isa = PBXGroup;
			children = (
				9EFA1F2812C47E8BBE632189 /* Pods_Precipitate.framework */,
				5C3DF2AC0F65C37E63E85DFF /* Pods_PrecipitateTests.framework */,
				ACA941FF68011B2F61E7D541 /* Pods_PrecipitateUITests.framework */,
			);
			name = Frameworks;
			sourceTree = "<group>";
		};
/* End PBXGroup section */

/* Begin PBXNativeTarget section */
		4D7E0DEB1C064B4D00A15C54 /* Precipitate */ = {
			isa = PBXNativeTarget;
			buildConfigurationList = 4D7E0E141C064B4D00A15C54 /* Build configuration list for PBXNativeTarget "Precipitate" */;
			buildPhases = (
				A9CA39AF0F3372C816809350 /* Check Pods Manifest.lock */,
				4D7E0DE81C064B4D00A15C54 /* Sources */,
				4D7E0DE91C064B4D00A15C54 /* Frameworks */,
				4D7E0DEA1C064B4D00A15C54 /* Resources */,
				14D016502AF8F413ECB85796 /* Embed Pods Frameworks */,
				A93C992D237239A2DDA6803D /* Copy Pods Resources */,
			);
			buildRules = (
			);
			dependencies = (
			);
			name = Precipitate;
			productName = Precipitate;
			productReference = 4D7E0DEC1C064B4D00A15C54 /* Precipitate.app */;
			productType = "com.apple.product-type.application";
		};
		4D7E0DFF1C064B4D00A15C54 /* PrecipitateTests */ = {
			isa = PBXNativeTarget;
			buildConfigurationList = 4D7E0E171C064B4D00A15C54 /* Build configuration list for PBXNativeTarget "PrecipitateTests" */;
			buildPhases = (
				E1B79D11ECCD1164F1C6D84E /* Check Pods Manifest.lock */,
				4D7E0DFC1C064B4D00A15C54 /* Sources */,
				4D7E0DFD1C064B4D00A15C54 /* Frameworks */,
				4D7E0DFE1C064B4D00A15C54 /* Resources */,
				FD1118620163AB3A7378FCB2 /* Embed Pods Frameworks */,
				3A0810FCC1DAC1E13D0A73EF /* Copy Pods Resources */,
			);
			buildRules = (
			);
			dependencies = (
				4D7E0E021C064B4D00A15C54 /* PBXTargetDependency */,
			);
			name = PrecipitateTests;
			productName = PrecipitateTests;
			productReference = 4D7E0E001C064B4D00A15C54 /* PrecipitateTests.xctest */;
			productType = "com.apple.product-type.bundle.unit-test";
		};
/* End PBXNativeTarget section */

/* Begin PBXProject section */
		4D7E0DE41C064B4D00A15C54 /* Project object */ = {
			isa = PBXProject;
			attributes = {
				LastSwiftUpdateCheck = 0710;
				LastUpgradeCheck = 0710;
				ORGANIZATIONNAME = markedwardmurray;
				TargetAttributes = {
					4D7E0DEB1C064B4D00A15C54 = {
						CreatedOnToolsVersion = 7.1;
						DevelopmentTeam = HV3XT3P5XH;
					};
					4D7E0DFF1C064B4D00A15C54 = {
						CreatedOnToolsVersion = 7.1;
						TestTargetID = 4D7E0DEB1C064B4D00A15C54;
					};
				};
			};
			buildConfigurationList = 4D7E0DE71C064B4D00A15C54 /* Build configuration list for PBXProject "Precipitate" */;
			compatibilityVersion = "Xcode 3.2";
			developmentRegion = English;
			hasScannedForEncodings = 0;
			knownRegions = (
				en,
				Base,
			);
			mainGroup = 4D7E0DE31C064B4D00A15C54;
			productRefGroup = 4D7E0DED1C064B4D00A15C54 /* Products */;
			projectDirPath = "";
			projectRoot = "";
			targets = (
				4D7E0DEB1C064B4D00A15C54 /* Precipitate */,
				4D7E0DFF1C064B4D00A15C54 /* PrecipitateTests */,
			);
		};
/* End PBXProject section */

/* Begin PBXResourcesBuildPhase section */
		4D7E0DEA1C064B4D00A15C54 /* Resources */ = {
			isa = PBXResourcesBuildPhase;
			buildActionMask = 2147483647;
			files = (
				4D7E0DFA1C064B4D00A15C54 /* LaunchScreen.storyboard in Resources */,
				4DA717191C15CEDA0039418E /* Main.storyboard in Resources */,
				4D7E0DF71C064B4D00A15C54 /* Assets.xcassets in Resources */,
				4D6373381C840E8E00C40B58 /* weathericons-regular-webfont.ttf in Resources */,
				4D718BA41C3F213C00F4C287 /* Icon-Original.png in Resources */,
			);
			runOnlyForDeploymentPostprocessing = 0;
		};
		4D7E0DFE1C064B4D00A15C54 /* Resources */ = {
			isa = PBXResourcesBuildPhase;
			buildActionMask = 2147483647;
			files = (
				4DCD9BCD1C7127E900EA772B /* forecast20160122-1809-us.json in Resources */,
				4DCD9BD41C7127E900EA772B /* forecast20160123-0306-uk2.json in Resources */,
				4DCD9BD21C7127E900EA772B /* forecast20160123-0306-ca.json in Resources */,
				4DCD9BD91C7127E900EA772B /* forecast20160123-1547-uk2.json in Resources */,
				4DCD9BC91C7127E900EA772B /* forecast20160122-0033-us.json in Resources */,
				4DCD9BDA1C7127F700EA772B /* saved-forecast.json in Resources */,
				4DCD9BC81C7127E900EA772B /* forecast20160122-0030-si.json in Resources */,
				4DCD9BD01C7127E900EA772B /* forecast20160122-2140-uk2.json in Resources */,
				4DCD9BCC1C7127E900EA772B /* forecast20160122-1809-si.json in Resources */,
				4DCD9BD61C7127E900EA772B /* forecast20160123-1547-us.json in Resources */,
				4DCD9BD31C7127E900EA772B /* forecast20160123-0306-si.json in Resources */,
				4DCD9BD11C7127E900EA772B /* forecast20160122-2140-us.json in Resources */,
				4DCD9BD71C7127E900EA772B /* forecast20160123-1547-ca.json in Resources */,
				4DCD9BD81C7127E900EA772B /* forecast20160123-1547-si.json in Resources */,
				4DCD9BCB1C7127E900EA772B /* forecast20160122-0037-ca.json in Resources */,
				4DCD9BCA1C7127E900EA772B /* forecast20160122-0034-uk2.json in Resources */,
				4DCD9BCE1C7127E900EA772B /* forecast20160122-2140-ca.json in Resources */,
				4DCD9BD51C7127E900EA772B /* forecast20160123-0306-us.json in Resources */,
				4DCD9BCF1C7127E900EA772B /* forecast20160122-2140-si.json in Resources */,
			);
			runOnlyForDeploymentPostprocessing = 0;
		};
/* End PBXResourcesBuildPhase section */

/* Begin PBXShellScriptBuildPhase section */
		14D016502AF8F413ECB85796 /* Embed Pods Frameworks */ = {
			isa = PBXShellScriptBuildPhase;
			buildActionMask = 2147483647;
			files = (
			);
			inputPaths = (
			);
			name = "Embed Pods Frameworks";
			outputPaths = (
			);
			runOnlyForDeploymentPostprocessing = 0;
			shellPath = /bin/sh;
			shellScript = "\"${SRCROOT}/Pods/Target Support Files/Pods-Precipitate/Pods-Precipitate-frameworks.sh\"\n";
			showEnvVarsInLog = 0;
		};
		3A0810FCC1DAC1E13D0A73EF /* Copy Pods Resources */ = {
			isa = PBXShellScriptBuildPhase;
			buildActionMask = 2147483647;
			files = (
			);
			inputPaths = (
			);
			name = "Copy Pods Resources";
			outputPaths = (
			);
			runOnlyForDeploymentPostprocessing = 0;
			shellPath = /bin/sh;
			shellScript = "\"${SRCROOT}/Pods/Target Support Files/Pods-PrecipitateTests/Pods-PrecipitateTests-resources.sh\"\n";
			showEnvVarsInLog = 0;
		};
		A93C992D237239A2DDA6803D /* Copy Pods Resources */ = {
			isa = PBXShellScriptBuildPhase;
			buildActionMask = 2147483647;
			files = (
			);
			inputPaths = (
			);
			name = "Copy Pods Resources";
			outputPaths = (
			);
			runOnlyForDeploymentPostprocessing = 0;
			shellPath = /bin/sh;
			shellScript = "\"${SRCROOT}/Pods/Target Support Files/Pods-Precipitate/Pods-Precipitate-resources.sh\"\n";
			showEnvVarsInLog = 0;
		};
		A9CA39AF0F3372C816809350 /* Check Pods Manifest.lock */ = {
			isa = PBXShellScriptBuildPhase;
			buildActionMask = 2147483647;
			files = (
			);
			inputPaths = (
			);
			name = "Check Pods Manifest.lock";
			outputPaths = (
			);
			runOnlyForDeploymentPostprocessing = 0;
			shellPath = /bin/sh;
			shellScript = "diff \"${PODS_ROOT}/../Podfile.lock\" \"${PODS_ROOT}/Manifest.lock\" > /dev/null\nif [[ $? != 0 ]] ; then\n    cat << EOM\nerror: The sandbox is not in sync with the Podfile.lock. Run 'pod install' or update your CocoaPods installation.\nEOM\n    exit 1\nfi\n";
			showEnvVarsInLog = 0;
		};
		E1B79D11ECCD1164F1C6D84E /* Check Pods Manifest.lock */ = {
			isa = PBXShellScriptBuildPhase;
			buildActionMask = 2147483647;
			files = (
			);
			inputPaths = (
			);
			name = "Check Pods Manifest.lock";
			outputPaths = (
			);
			runOnlyForDeploymentPostprocessing = 0;
			shellPath = /bin/sh;
			shellScript = "diff \"${PODS_ROOT}/../Podfile.lock\" \"${PODS_ROOT}/Manifest.lock\" > /dev/null\nif [[ $? != 0 ]] ; then\n    cat << EOM\nerror: The sandbox is not in sync with the Podfile.lock. Run 'pod install' or update your CocoaPods installation.\nEOM\n    exit 1\nfi\n";
			showEnvVarsInLog = 0;
		};
		FD1118620163AB3A7378FCB2 /* Embed Pods Frameworks */ = {
			isa = PBXShellScriptBuildPhase;
			buildActionMask = 2147483647;
			files = (
			);
			inputPaths = (
			);
			name = "Embed Pods Frameworks";
			outputPaths = (
			);
			runOnlyForDeploymentPostprocessing = 0;
			shellPath = /bin/sh;
			shellScript = "\"${SRCROOT}/Pods/Target Support Files/Pods-PrecipitateTests/Pods-PrecipitateTests-frameworks.sh\"\n";
			showEnvVarsInLog = 0;
		};
/* End PBXShellScriptBuildPhase section */

/* Begin PBXSourcesBuildPhase section */
		4D7E0DE81C064B4D00A15C54 /* Sources */ = {
			isa = PBXSourcesBuildPhase;
			buildActionMask = 2147483647;
			files = (
				4D08623F1C207BC500FCC09F /* UIColor+Colors.swift in Sources */,
				4DCF06B21C18E8E4009FEEA9 /* InitialViewController.swift in Sources */,
				4DA7171F1C15CFCF0039418E /* LineChartCell.swift in Sources */,
				4D7AF9781C588D1600A92ABF /* SettingsStore.swift in Sources */,
				4DCB44FC1C166C2C00C02325 /* DataEntryCollator.swift in Sources */,
				4DCF06B01C18E8D0009FEEA9 /* WeatherPageViewController.swift in Sources */,
				4D6373481C855B3700C40B58 /* CurrentlyTableViewController.swift in Sources */,
				4D55C7F61C50A5B100FED655 /* ForecastUnits.swift in Sources */,
				4D6373461C85516900C40B58 /* CurrentlyDataBlock.swift in Sources */,
				4D08623D1C1F6F9800FCC09F /* SummaryViewController.swift in Sources */,
				4DCC82301C1F65EA00AB2AD5 /* WeatherIconName.swift in Sources */,
				4DCB45021C18897D00C02325 /* LineChartDataManager.swift in Sources */,
				4DCB44FE1C168AE800C02325 /* ChartDataSetManager.swift in Sources */,
				4D6373301C82B6DD00C40B58 /* NSNumberFormatter+Formatters.swift in Sources */,
				4D6373321C82CE7800C40B58 /* NSDateFormatter+Formatters.swift in Sources */,
				4D7E0E1E1C06785500A15C54 /* Secrets.swift in Sources */,
				4DB1EC281C574DFA00131BB2 /* PrecipitateSettingsViewController.swift in Sources */,
				4D6373341C82E46500C40B58 /* Constants.swift in Sources */,
				4D05E5D61C8563CD00AA4FCC /* CurrentlyTableViewModel.swift in Sources */,
				4DA717171C0FAFFF0039418E /* ForecastAPIClient.swift in Sources */,
				4D1F98BF1C895AF000D94653 /* ForecastLanguage.swift in Sources */,
				4DA7171D1C15CFA10039418E /* ChartsTableViewController.swift in Sources */,
				4D7E0DF01C064B4D00A15C54 /* AppDelegate.swift in Sources */,
				4D7AF9761C588AE500A92ABF /* DefaultsKeys+Keys.swift in Sources */,
			);
			runOnlyForDeploymentPostprocessing = 0;
		};
		4D7E0DFC1C064B4D00A15C54 /* Sources */ = {
			isa = PBXSourcesBuildPhase;
			buildActionMask = 2147483647;
			files = (
				4D552B281C20B75B001BDA3A /* SnapshotSpec.swift in Sources */,
				4D727F5E1C21B32400A0285A /* KIF-Extensions.swift in Sources */,
				4D7E0E051C064B4D00A15C54 /* PrecipitateTests.swift in Sources */,
			);
			runOnlyForDeploymentPostprocessing = 0;
		};
/* End PBXSourcesBuildPhase section */

/* Begin PBXTargetDependency section */
		4D7E0E021C064B4D00A15C54 /* PBXTargetDependency */ = {
			isa = PBXTargetDependency;
			target = 4D7E0DEB1C064B4D00A15C54 /* Precipitate */;
			targetProxy = 4D7E0E011C064B4D00A15C54 /* PBXContainerItemProxy */;
		};
/* End PBXTargetDependency section */

/* Begin PBXVariantGroup section */
		4D7E0DF81C064B4D00A15C54 /* LaunchScreen.storyboard */ = {
			isa = PBXVariantGroup;
			children = (
				4D7E0DF91C064B4D00A15C54 /* Base */,
			);
			name = LaunchScreen.storyboard;
			sourceTree = "<group>";
		};
/* End PBXVariantGroup section */

/* Begin XCBuildConfiguration section */
		4D7E0E121C064B4D00A15C54 /* Debug */ = {
			isa = XCBuildConfiguration;
			buildSettings = {
				ALWAYS_SEARCH_USER_PATHS = NO;
				CLANG_CXX_LANGUAGE_STANDARD = "gnu++0x";
				CLANG_CXX_LIBRARY = "libc++";
				CLANG_ENABLE_MODULES = YES;
				CLANG_ENABLE_OBJC_ARC = YES;
				CLANG_WARN_BOOL_CONVERSION = YES;
				CLANG_WARN_CONSTANT_CONVERSION = YES;
				CLANG_WARN_DIRECT_OBJC_ISA_USAGE = YES_ERROR;
				CLANG_WARN_EMPTY_BODY = YES;
				CLANG_WARN_ENUM_CONVERSION = YES;
				CLANG_WARN_INT_CONVERSION = YES;
				CLANG_WARN_OBJC_ROOT_CLASS = YES_ERROR;
				CLANG_WARN_UNREACHABLE_CODE = YES;
				CLANG_WARN__DUPLICATE_METHOD_MATCH = YES;
				"CODE_SIGN_IDENTITY[sdk=iphoneos*]" = "iPhone Developer";
				COPY_PHASE_STRIP = NO;
				DEBUG_INFORMATION_FORMAT = dwarf;
				ENABLE_BITCODE = NO;
				ENABLE_STRICT_OBJC_MSGSEND = YES;
				ENABLE_TESTABILITY = YES;
				GCC_C_LANGUAGE_STANDARD = gnu99;
				GCC_DYNAMIC_NO_PIC = NO;
				GCC_NO_COMMON_BLOCKS = YES;
				GCC_OPTIMIZATION_LEVEL = 0;
				GCC_PREPROCESSOR_DEFINITIONS = (
					"DEBUG=1",
					"$(inherited)",
				);
				GCC_WARN_64_TO_32_BIT_CONVERSION = YES;
				GCC_WARN_ABOUT_RETURN_TYPE = YES_ERROR;
				GCC_WARN_UNDECLARED_SELECTOR = YES;
				GCC_WARN_UNINITIALIZED_AUTOS = YES_AGGRESSIVE;
				GCC_WARN_UNUSED_FUNCTION = YES;
				GCC_WARN_UNUSED_VARIABLE = YES;
				IPHONEOS_DEPLOYMENT_TARGET = 9.1;
				MTL_ENABLE_DEBUG_INFO = YES;
				ONLY_ACTIVE_ARCH = YES;
				SDKROOT = iphoneos;
				SWIFT_OPTIMIZATION_LEVEL = "-Onone";
			};
			name = Debug;
		};
		4D7E0E131C064B4D00A15C54 /* Release */ = {
			isa = XCBuildConfiguration;
			buildSettings = {
				ALWAYS_SEARCH_USER_PATHS = NO;
				CLANG_CXX_LANGUAGE_STANDARD = "gnu++0x";
				CLANG_CXX_LIBRARY = "libc++";
				CLANG_ENABLE_MODULES = YES;
				CLANG_ENABLE_OBJC_ARC = YES;
				CLANG_WARN_BOOL_CONVERSION = YES;
				CLANG_WARN_CONSTANT_CONVERSION = YES;
				CLANG_WARN_DIRECT_OBJC_ISA_USAGE = YES_ERROR;
				CLANG_WARN_EMPTY_BODY = YES;
				CLANG_WARN_ENUM_CONVERSION = YES;
				CLANG_WARN_INT_CONVERSION = YES;
				CLANG_WARN_OBJC_ROOT_CLASS = YES_ERROR;
				CLANG_WARN_UNREACHABLE_CODE = YES;
				CLANG_WARN__DUPLICATE_METHOD_MATCH = YES;
				"CODE_SIGN_IDENTITY[sdk=iphoneos*]" = "iPhone Developer";
				COPY_PHASE_STRIP = NO;
				DEBUG_INFORMATION_FORMAT = "dwarf-with-dsym";
				ENABLE_BITCODE = NO;
				ENABLE_NS_ASSERTIONS = NO;
				ENABLE_STRICT_OBJC_MSGSEND = YES;
				GCC_C_LANGUAGE_STANDARD = gnu99;
				GCC_NO_COMMON_BLOCKS = YES;
				GCC_WARN_64_TO_32_BIT_CONVERSION = YES;
				GCC_WARN_ABOUT_RETURN_TYPE = YES_ERROR;
				GCC_WARN_UNDECLARED_SELECTOR = YES;
				GCC_WARN_UNINITIALIZED_AUTOS = YES_AGGRESSIVE;
				GCC_WARN_UNUSED_FUNCTION = YES;
				GCC_WARN_UNUSED_VARIABLE = YES;
				IPHONEOS_DEPLOYMENT_TARGET = 9.1;
				MTL_ENABLE_DEBUG_INFO = NO;
				SDKROOT = iphoneos;
				VALIDATE_PRODUCT = YES;
			};
			name = Release;
		};
		4D7E0E151C064B4D00A15C54 /* Debug */ = {
			isa = XCBuildConfiguration;
			baseConfigurationReference = 10A33F943356239AD43CB6A7 /* Pods-Precipitate.debug.xcconfig */;
			buildSettings = {
				ASSETCATALOG_COMPILER_APPICON_NAME = AppIcon;
				CODE_SIGN_IDENTITY = "iPhone Developer";
				"CODE_SIGN_IDENTITY[sdk=iphoneos*]" = "iPhone Developer";
				ENABLE_BITCODE = NO;
				INFOPLIST_FILE = Precipitate/Info.plist;
				LD_RUNPATH_SEARCH_PATHS = "$(inherited) @executable_path/Frameworks";
				PRODUCT_BUNDLE_IDENTIFIER = com.markedwardmurray.precipitate0;
				PRODUCT_NAME = "$(TARGET_NAME)";
				PROVISIONING_PROFILE = "";
				SWIFT_OBJC_BRIDGING_HEADER = "/Users/mark/Development/Apps/Precipitate/Precipitate/Precipitate-Bridging-Header.h";
			};
			name = Debug;
		};
		4D7E0E161C064B4D00A15C54 /* Release */ = {
			isa = XCBuildConfiguration;
			baseConfigurationReference = D88F33E104E4FAD2A7A33AEB /* Pods-Precipitate.release.xcconfig */;
			buildSettings = {
				ASSETCATALOG_COMPILER_APPICON_NAME = AppIcon;
				CODE_SIGN_IDENTITY = "iPhone Developer";
				"CODE_SIGN_IDENTITY[sdk=iphoneos*]" = "iPhone Developer";
				ENABLE_BITCODE = NO;
				INFOPLIST_FILE = Precipitate/Info.plist;
				LD_RUNPATH_SEARCH_PATHS = "$(inherited) @executable_path/Frameworks";
				PRODUCT_BUNDLE_IDENTIFIER = com.markedwardmurray.precipitate0;
				PRODUCT_NAME = "$(TARGET_NAME)";
				PROVISIONING_PROFILE = "";
				SWIFT_OBJC_BRIDGING_HEADER = "/Users/mark/Development/Apps/Precipitate/Precipitate/Precipitate-Bridging-Header.h";
			};
			name = Release;
		};
		4D7E0E181C064B4D00A15C54 /* Debug */ = {
			isa = XCBuildConfiguration;
			baseConfigurationReference = B66353621CEF7E421A8B2C7B /* Pods-PrecipitateTests.debug.xcconfig */;
			buildSettings = {
				BUNDLE_LOADER = "$(TEST_HOST)";
				INFOPLIST_FILE = PrecipitateTests/Info.plist;
				LD_RUNPATH_SEARCH_PATHS = "$(inherited) @executable_path/Frameworks @loader_path/Frameworks";
				OTHER_LDFLAGS = (
					"$(inherited)",
					"-framework",
					"\"FBSnapshotTestCase\"",
					"-framework",
					"\"KIF\"",
					"-framework",
					"\"Nimble\"",
					"-framework",
					"\"Nimble_Snapshots\"",
					"-framework",
					"\"Quick\"",
					"-framework",
					"\"Alamofire\"",
					"-framework",
					"\"Charts\"",
					"-framework",
					"\"SwiftyJSON\"",
					"-framework",
					"\"INTULocationManager\"",
					"-framework",
					"\"ForecastIO\"",
				);
				PRODUCT_BUNDLE_IDENTIFIER = com.markedwardmurray.PrecipitateTests;
				PRODUCT_NAME = "$(TARGET_NAME)";
				SWIFT_OBJC_BRIDGING_HEADER = "/Users/mark/Development/Apps/Precipitate/PrecipitateTests/PrecipitateTests-Bridging-Header.h";
				TEST_HOST = "$(BUILT_PRODUCTS_DIR)/Precipitate.app/Precipitate";
			};
			name = Debug;
		};
		4D7E0E191C064B4D00A15C54 /* Release */ = {
			isa = XCBuildConfiguration;
			baseConfigurationReference = 5F30AF15DA5A778039A01B94 /* Pods-PrecipitateTests.release.xcconfig */;
			buildSettings = {
				BUNDLE_LOADER = "$(TEST_HOST)";
				INFOPLIST_FILE = PrecipitateTests/Info.plist;
				LD_RUNPATH_SEARCH_PATHS = "$(inherited) @executable_path/Frameworks @loader_path/Frameworks";
				OTHER_LDFLAGS = (
					"$(inherited)",
					"-framework",
					"\"FBSnapshotTestCase\"",
					"-framework",
					"\"KIF\"",
					"-framework",
					"\"Nimble\"",
					"-framework",
					"\"Nimble_Snapshots\"",
					"-framework",
					"\"Quick\"",
					"-framework",
					"\"Alamofire\"",
					"-framework",
					"\"Charts\"",
					"-framework",
					"\"SwiftyJSON\"",
					"-framework",
					"\"INTULocationManager\"",
					"-framework",
					"\"ForecastIO\"",
				);
				PRODUCT_BUNDLE_IDENTIFIER = com.markedwardmurray.PrecipitateTests;
				PRODUCT_NAME = "$(TARGET_NAME)";
				SWIFT_OBJC_BRIDGING_HEADER = "/Users/mark/Development/Apps/Precipitate/PrecipitateTests/PrecipitateTests-Bridging-Header.h";
				TEST_HOST = "$(BUILT_PRODUCTS_DIR)/Precipitate.app/Precipitate";
			};
			name = Release;
		};
/* End XCBuildConfiguration section */

/* Begin XCConfigurationList section */
		4D7E0DE71C064B4D00A15C54 /* Build configuration list for PBXProject "Precipitate" */ = {
			isa = XCConfigurationList;
			buildConfigurations = (
				4D7E0E121C064B4D00A15C54 /* Debug */,
				4D7E0E131C064B4D00A15C54 /* Release */,
			);
			defaultConfigurationIsVisible = 0;
			defaultConfigurationName = Release;
		};
		4D7E0E141C064B4D00A15C54 /* Build configuration list for PBXNativeTarget "Precipitate" */ = {
			isa = XCConfigurationList;
			buildConfigurations = (
				4D7E0E151C064B4D00A15C54 /* Debug */,
				4D7E0E161C064B4D00A15C54 /* Release */,
			);
			defaultConfigurationIsVisible = 0;
			defaultConfigurationName = Release;
		};
		4D7E0E171C064B4D00A15C54 /* Build configuration list for PBXNativeTarget "PrecipitateTests" */ = {
			isa = XCConfigurationList;
			buildConfigurations = (
				4D7E0E181C064B4D00A15C54 /* Debug */,
				4D7E0E191C064B4D00A15C54 /* Release */,
			);
			defaultConfigurationIsVisible = 0;
			defaultConfigurationName = Release;
		};
/* End XCConfigurationList section */
	};
	rootObject = 4D7E0DE41C064B4D00A15C54 /* Project object */;
}
