// !$*UTF8*$!
{
	archiveVersion = 1;
	classes = {
	};
	objectVersion = 46;
	objects = {

/* Begin PBXBuildFile section */
		4D7E0DF01C064B4D00A15C54 /* AppDelegate.swift in Sources */ = {isa = PBXBuildFile; fileRef = 4D7E0DEF1C064B4D00A15C54 /* AppDelegate.swift */; };
		4D7E0DF21C064B4D00A15C54 /* ViewController.swift in Sources */ = {isa = PBXBuildFile; fileRef = 4D7E0DF11C064B4D00A15C54 /* ViewController.swift */; };
		4D7E0DF51C064B4D00A15C54 /* MVP.storyboard in Resources */ = {isa = PBXBuildFile; fileRef = 4D7E0DF31C064B4D00A15C54 /* MVP.storyboard */; };
		4D7E0DF71C064B4D00A15C54 /* Assets.xcassets in Resources */ = {isa = PBXBuildFile; fileRef = 4D7E0DF61C064B4D00A15C54 /* Assets.xcassets */; };
		4D7E0DFA1C064B4D00A15C54 /* LaunchScreen.storyboard in Resources */ = {isa = PBXBuildFile; fileRef = 4D7E0DF81C064B4D00A15C54 /* LaunchScreen.storyboard */; };
		4D7E0E051C064B4D00A15C54 /* PrecipitateTests.swift in Sources */ = {isa = PBXBuildFile; fileRef = 4D7E0E041C064B4D00A15C54 /* PrecipitateTests.swift */; };
		4D7E0E101C064B4D00A15C54 /* PrecipitateUITests.swift in Sources */ = {isa = PBXBuildFile; fileRef = 4D7E0E0F1C064B4D00A15C54 /* PrecipitateUITests.swift */; };
		4D7E0E1E1C06785500A15C54 /* Secrets.swift in Sources */ = {isa = PBXBuildFile; fileRef = 4D7E0E1D1C06785500A15C54 /* Secrets.swift */; };
		4DA717141C0F3E460039418E /* Braindump.storyboard in Resources */ = {isa = PBXBuildFile; fileRef = 4DA717131C0F3E460039418E /* Braindump.storyboard */; };
		4DA717171C0FAFFF0039418E /* ForecastAPIClient.swift in Sources */ = {isa = PBXBuildFile; fileRef = 4DA717161C0FAFFF0039418E /* ForecastAPIClient.swift */; };
		4DA717191C15CEDA0039418E /* Main.storyboard in Resources */ = {isa = PBXBuildFile; fileRef = 4DA717181C15CEDA0039418E /* Main.storyboard */; };
		4DA7171D1C15CFA10039418E /* ChartsTableViewController.swift in Sources */ = {isa = PBXBuildFile; fileRef = 4DA7171C1C15CFA10039418E /* ChartsTableViewController.swift */; };
		4DA7171F1C15CFCF0039418E /* LineChartCell.swift in Sources */ = {isa = PBXBuildFile; fileRef = 4DA7171E1C15CFCF0039418E /* LineChartCell.swift */; };
		4DB10E931C193DD1002D618E /* saved-forecast.json in Resources */ = {isa = PBXBuildFile; fileRef = 4DB10E921C193DD1002D618E /* saved-forecast.json */; };
		4DCB44FC1C166C2C00C02325 /* DataEntryCollator.swift in Sources */ = {isa = PBXBuildFile; fileRef = 4DCB44FB1C166C2C00C02325 /* DataEntryCollator.swift */; };
		4DCB44FE1C168AE800C02325 /* ChartDataSetManager.swift in Sources */ = {isa = PBXBuildFile; fileRef = 4DCB44FD1C168AE800C02325 /* ChartDataSetManager.swift */; };
		4DCB45001C17F03F00C02325 /* NSDate+Timescales.swift in Sources */ = {isa = PBXBuildFile; fileRef = 4DCB44FF1C17F03E00C02325 /* NSDate+Timescales.swift */; };
		4DCB45021C18897D00C02325 /* LineChartDataManager.swift in Sources */ = {isa = PBXBuildFile; fileRef = 4DCB45011C18897D00C02325 /* LineChartDataManager.swift */; };
		4DCF06B01C18E8D0009FEEA9 /* PageViewController.swift in Sources */ = {isa = PBXBuildFile; fileRef = 4DCF06AF1C18E8D0009FEEA9 /* PageViewController.swift */; };
		4DCF06B21C18E8E4009FEEA9 /* InitialViewController.swift in Sources */ = {isa = PBXBuildFile; fileRef = 4DCF06B11C18E8E4009FEEA9 /* InitialViewController.swift */; };
		50BD138207F9615EFF0F308B /* Pods_PrecipitateTests.framework in Frameworks */ = {isa = PBXBuildFile; fileRef = 5C3DF2AC0F65C37E63E85DFF /* Pods_PrecipitateTests.framework */; };
		707A89BA38B22BF3AD67950F /* Pods_PrecipitateUITests.framework in Frameworks */ = {isa = PBXBuildFile; fileRef = ACA941FF68011B2F61E7D541 /* Pods_PrecipitateUITests.framework */; };
		927576AC12D526E4B3DB051E /* Pods_Precipitate.framework in Frameworks */ = {isa = PBXBuildFile; fileRef = 9EFA1F2812C47E8BBE632189 /* Pods_Precipitate.framework */; };
/* End PBXBuildFile section */

/* Begin PBXContainerItemProxy section */
		4D7E0E011C064B4D00A15C54 /* PBXContainerItemProxy */ = {
			isa = PBXContainerItemProxy;
			containerPortal = 4D7E0DE41C064B4D00A15C54 /* Project object */;
			proxyType = 1;
			remoteGlobalIDString = 4D7E0DEB1C064B4D00A15C54;
			remoteInfo = Precipitate;
		};
		4D7E0E0C1C064B4D00A15C54 /* PBXContainerItemProxy */ = {
			isa = PBXContainerItemProxy;
			containerPortal = 4D7E0DE41C064B4D00A15C54 /* Project object */;
			proxyType = 1;
			remoteGlobalIDString = 4D7E0DEB1C064B4D00A15C54;
			remoteInfo = Precipitate;
		};
/* End PBXContainerItemProxy section */

/* Begin PBXFileReference section */
		10A33F943356239AD43CB6A7 /* Pods-Precipitate.debug.xcconfig */ = {isa = PBXFileReference; includeInIndex = 1; lastKnownFileType = text.xcconfig; name = "Pods-Precipitate.debug.xcconfig"; path = "Pods/Target Support Files/Pods-Precipitate/Pods-Precipitate.debug.xcconfig"; sourceTree = "<group>"; };
		4D7E0DEC1C064B4D00A15C54 /* Precipitate.app */ = {isa = PBXFileReference; explicitFileType = wrapper.application; includeInIndex = 0; path = Precipitate.app; sourceTree = BUILT_PRODUCTS_DIR; };
		4D7E0DEF1C064B4D00A15C54 /* AppDelegate.swift */ = {isa = PBXFileReference; lastKnownFileType = sourcecode.swift; path = AppDelegate.swift; sourceTree = "<group>"; };
		4D7E0DF11C064B4D00A15C54 /* ViewController.swift */ = {isa = PBXFileReference; lastKnownFileType = sourcecode.swift; path = ViewController.swift; sourceTree = "<group>"; };
		4D7E0DF41C064B4D00A15C54 /* Base */ = {isa = PBXFileReference; lastKnownFileType = file.storyboard; name = Base; path = Base.lproj/MVP.storyboard; sourceTree = "<group>"; };
		4D7E0DF61C064B4D00A15C54 /* Assets.xcassets */ = {isa = PBXFileReference; lastKnownFileType = folder.assetcatalog; path = Assets.xcassets; sourceTree = "<group>"; };
		4D7E0DF91C064B4D00A15C54 /* Base */ = {isa = PBXFileReference; lastKnownFileType = file.storyboard; name = Base; path = Base.lproj/LaunchScreen.storyboard; sourceTree = "<group>"; };
		4D7E0DFB1C064B4D00A15C54 /* Info.plist */ = {isa = PBXFileReference; lastKnownFileType = text.plist.xml; path = Info.plist; sourceTree = "<group>"; };
		4D7E0E001C064B4D00A15C54 /* PrecipitateTests.xctest */ = {isa = PBXFileReference; explicitFileType = wrapper.cfbundle; includeInIndex = 0; path = PrecipitateTests.xctest; sourceTree = BUILT_PRODUCTS_DIR; };
		4D7E0E041C064B4D00A15C54 /* PrecipitateTests.swift */ = {isa = PBXFileReference; lastKnownFileType = sourcecode.swift; path = PrecipitateTests.swift; sourceTree = "<group>"; };
		4D7E0E061C064B4D00A15C54 /* Info.plist */ = {isa = PBXFileReference; lastKnownFileType = text.plist.xml; path = Info.plist; sourceTree = "<group>"; };
		4D7E0E0B1C064B4D00A15C54 /* PrecipitateUITests.xctest */ = {isa = PBXFileReference; explicitFileType = wrapper.cfbundle; includeInIndex = 0; path = PrecipitateUITests.xctest; sourceTree = BUILT_PRODUCTS_DIR; };
		4D7E0E0F1C064B4D00A15C54 /* PrecipitateUITests.swift */ = {isa = PBXFileReference; lastKnownFileType = sourcecode.swift; path = PrecipitateUITests.swift; sourceTree = "<group>"; };
		4D7E0E111C064B4D00A15C54 /* Info.plist */ = {isa = PBXFileReference; lastKnownFileType = text.plist.xml; path = Info.plist; sourceTree = "<group>"; };
		4D7E0E1D1C06785500A15C54 /* Secrets.swift */ = {isa = PBXFileReference; fileEncoding = 4; lastKnownFileType = sourcecode.swift; path = Secrets.swift; sourceTree = "<group>"; };
		4DA717131C0F3E460039418E /* Braindump.storyboard */ = {isa = PBXFileReference; fileEncoding = 4; lastKnownFileType = file.storyboard; path = Braindump.storyboard; sourceTree = "<group>"; };
		4DA717161C0FAFFF0039418E /* ForecastAPIClient.swift */ = {isa = PBXFileReference; fileEncoding = 4; lastKnownFileType = sourcecode.swift; path = ForecastAPIClient.swift; sourceTree = "<group>"; };
		4DA717181C15CEDA0039418E /* Main.storyboard */ = {isa = PBXFileReference; fileEncoding = 4; lastKnownFileType = file.storyboard; path = Main.storyboard; sourceTree = "<group>"; };
		4DA7171C1C15CFA10039418E /* ChartsTableViewController.swift */ = {isa = PBXFileReference; fileEncoding = 4; lastKnownFileType = sourcecode.swift; path = ChartsTableViewController.swift; sourceTree = "<group>"; };
		4DA7171E1C15CFCF0039418E /* LineChartCell.swift */ = {isa = PBXFileReference; fileEncoding = 4; lastKnownFileType = sourcecode.swift; path = LineChartCell.swift; sourceTree = "<group>"; };
		4DA717261C1616EC0039418E /* Precipitate-Bridging-Header.h */ = {isa = PBXFileReference; fileEncoding = 4; lastKnownFileType = sourcecode.c.h; path = "Precipitate-Bridging-Header.h"; sourceTree = "<group>"; };
		4DB10E921C193DD1002D618E /* saved-forecast.json */ = {isa = PBXFileReference; fileEncoding = 4; lastKnownFileType = text.json; path = "saved-forecast.json"; sourceTree = "<group>"; };
		4DCB44FB1C166C2C00C02325 /* DataEntryCollator.swift */ = {isa = PBXFileReference; fileEncoding = 4; lastKnownFileType = sourcecode.swift; path = DataEntryCollator.swift; sourceTree = "<group>"; };
		4DCB44FD1C168AE800C02325 /* ChartDataSetManager.swift */ = {isa = PBXFileReference; fileEncoding = 4; lastKnownFileType = sourcecode.swift; path = ChartDataSetManager.swift; sourceTree = "<group>"; };
		4DCB44FF1C17F03E00C02325 /* NSDate+Timescales.swift */ = {isa = PBXFileReference; fileEncoding = 4; lastKnownFileType = sourcecode.swift; path = "NSDate+Timescales.swift"; sourceTree = "<group>"; };
		4DCB45011C18897D00C02325 /* LineChartDataManager.swift */ = {isa = PBXFileReference; fileEncoding = 4; lastKnownFileType = sourcecode.swift; path = LineChartDataManager.swift; sourceTree = "<group>"; };
		4DCF06AF1C18E8D0009FEEA9 /* PageViewController.swift */ = {isa = PBXFileReference; fileEncoding = 4; lastKnownFileType = sourcecode.swift; path = PageViewController.swift; sourceTree = "<group>"; };
		4DCF06B11C18E8E4009FEEA9 /* InitialViewController.swift */ = {isa = PBXFileReference; fileEncoding = 4; lastKnownFileType = sourcecode.swift; path = InitialViewController.swift; sourceTree = "<group>"; };
		5C3DF2AC0F65C37E63E85DFF /* Pods_PrecipitateTests.framework */ = {isa = PBXFileReference; explicitFileType = wrapper.framework; includeInIndex = 0; path = Pods_PrecipitateTests.framework; sourceTree = BUILT_PRODUCTS_DIR; };
		5F30AF15DA5A778039A01B94 /* Pods-PrecipitateTests.release.xcconfig */ = {isa = PBXFileReference; includeInIndex = 1; lastKnownFileType = text.xcconfig; name = "Pods-PrecipitateTests.release.xcconfig"; path = "Pods/Target Support Files/Pods-PrecipitateTests/Pods-PrecipitateTests.release.xcconfig"; sourceTree = "<group>"; };
		77820C9BD56E7D5302992A22 /* Pods-PrecipitateUITests.release.xcconfig */ = {isa = PBXFileReference; includeInIndex = 1; lastKnownFileType = text.xcconfig; name = "Pods-PrecipitateUITests.release.xcconfig"; path = "Pods/Target Support Files/Pods-PrecipitateUITests/Pods-PrecipitateUITests.release.xcconfig"; sourceTree = "<group>"; };
		9EFA1F2812C47E8BBE632189 /* Pods_Precipitate.framework */ = {isa = PBXFileReference; explicitFileType = wrapper.framework; includeInIndex = 0; path = Pods_Precipitate.framework; sourceTree = BUILT_PRODUCTS_DIR; };
		ACA941FF68011B2F61E7D541 /* Pods_PrecipitateUITests.framework */ = {isa = PBXFileReference; explicitFileType = wrapper.framework; includeInIndex = 0; path = Pods_PrecipitateUITests.framework; sourceTree = BUILT_PRODUCTS_DIR; };
		B66353621CEF7E421A8B2C7B /* Pods-PrecipitateTests.debug.xcconfig */ = {isa = PBXFileReference; includeInIndex = 1; lastKnownFileType = text.xcconfig; name = "Pods-PrecipitateTests.debug.xcconfig"; path = "Pods/Target Support Files/Pods-PrecipitateTests/Pods-PrecipitateTests.debug.xcconfig"; sourceTree = "<group>"; };
		D88F33E104E4FAD2A7A33AEB /* Pods-Precipitate.release.xcconfig */ = {isa = PBXFileReference; includeInIndex = 1; lastKnownFileType = text.xcconfig; name = "Pods-Precipitate.release.xcconfig"; path = "Pods/Target Support Files/Pods-Precipitate/Pods-Precipitate.release.xcconfig"; sourceTree = "<group>"; };
		E3485C80C178391B0E630F8A /* Pods-PrecipitateUITests.debug.xcconfig */ = {isa = PBXFileReference; includeInIndex = 1; lastKnownFileType = text.xcconfig; name = "Pods-PrecipitateUITests.debug.xcconfig"; path = "Pods/Target Support Files/Pods-PrecipitateUITests/Pods-PrecipitateUITests.debug.xcconfig"; sourceTree = "<group>"; };
/* End PBXFileReference section */

/* Begin PBXFrameworksBuildPhase section */
		4D7E0DE91C064B4D00A15C54 /* Frameworks */ = {
			isa = PBXFrameworksBuildPhase;
			buildActionMask = 2147483647;
			files = (
				927576AC12D526E4B3DB051E /* Pods_Precipitate.framework in Frameworks */,
			);
			runOnlyForDeploymentPostprocessing = 0;
		};
		4D7E0DFD1C064B4D00A15C54 /* Frameworks */ = {
			isa = PBXFrameworksBuildPhase;
			buildActionMask = 2147483647;
			files = (
				50BD138207F9615EFF0F308B /* Pods_PrecipitateTests.framework in Frameworks */,
			);
			runOnlyForDeploymentPostprocessing = 0;
		};
		4D7E0E081C064B4D00A15C54 /* Frameworks */ = {
			isa = PBXFrameworksBuildPhase;
			buildActionMask = 2147483647;
			files = (
				707A89BA38B22BF3AD67950F /* Pods_PrecipitateUITests.framework in Frameworks */,
			);
			runOnlyForDeploymentPostprocessing = 0;
		};
/* End PBXFrameworksBuildPhase section */

/* Begin PBXGroup section */
		20E04DFC6A61427E6F691AC9 /* Pods */ = {
			isa = PBXGroup;
			children = (
				10A33F943356239AD43CB6A7 /* Pods-Precipitate.debug.xcconfig */,
				D88F33E104E4FAD2A7A33AEB /* Pods-Precipitate.release.xcconfig */,
				B66353621CEF7E421A8B2C7B /* Pods-PrecipitateTests.debug.xcconfig */,
				5F30AF15DA5A778039A01B94 /* Pods-PrecipitateTests.release.xcconfig */,
				E3485C80C178391B0E630F8A /* Pods-PrecipitateUITests.debug.xcconfig */,
				77820C9BD56E7D5302992A22 /* Pods-PrecipitateUITests.release.xcconfig */,
			);
			name = Pods;
			sourceTree = "<group>";
		};
		4D7E0DE31C064B4D00A15C54 = {
			isa = PBXGroup;
			children = (
				4D7E0DEE1C064B4D00A15C54 /* Precipitate */,
				4D7E0E031C064B4D00A15C54 /* PrecipitateTests */,
				4D7E0E0E1C064B4D00A15C54 /* PrecipitateUITests */,
				4D7E0DED1C064B4D00A15C54 /* Products */,
				20E04DFC6A61427E6F691AC9 /* Pods */,
				EE7AF513508E693F27478AF1 /* Frameworks */,
			);
			sourceTree = "<group>";
		};
		4D7E0DED1C064B4D00A15C54 /* Products */ = {
			isa = PBXGroup;
			children = (
				4D7E0DEC1C064B4D00A15C54 /* Precipitate.app */,
				4D7E0E001C064B4D00A15C54 /* PrecipitateTests.xctest */,
				4D7E0E0B1C064B4D00A15C54 /* PrecipitateUITests.xctest */,
			);
			name = Products;
			sourceTree = "<group>";
		};
		4D7E0DEE1C064B4D00A15C54 /* Precipitate */ = {
			isa = PBXGroup;
			children = (
				4DA717151C0F3EFB0039418E /* MVP */,
				4D7E0E1D1C06785500A15C54 /* Secrets.swift */,
				4D7E0DEF1C064B4D00A15C54 /* AppDelegate.swift */,
				4DA717161C0FAFFF0039418E /* ForecastAPIClient.swift */,
				4DCB45011C18897D00C02325 /* LineChartDataManager.swift */,
				4DCB44FD1C168AE800C02325 /* ChartDataSetManager.swift */,
				4DCB44FB1C166C2C00C02325 /* DataEntryCollator.swift */,
				4DCB44FF1C17F03E00C02325 /* NSDate+Timescales.swift */,
				4DA717181C15CEDA0039418E /* Main.storyboard */,
				4DCF06B11C18E8E4009FEEA9 /* InitialViewController.swift */,
				4DCF06AF1C18E8D0009FEEA9 /* PageViewController.swift */,
				4DA7171C1C15CFA10039418E /* ChartsTableViewController.swift */,
				4DA7171E1C15CFCF0039418E /* LineChartCell.swift */,
				4D7E0DF61C064B4D00A15C54 /* Assets.xcassets */,
				4D7E0DF81C064B4D00A15C54 /* LaunchScreen.storyboard */,
				4D7E0DFB1C064B4D00A15C54 /* Info.plist */,
				4DB10E921C193DD1002D618E /* saved-forecast.json */,
				4DA717261C1616EC0039418E /* Precipitate-Bridging-Header.h */,
			);
			path = Precipitate;
			sourceTree = "<group>";
		};
		4D7E0E031C064B4D00A15C54 /* PrecipitateTests */ = {
			isa = PBXGroup;
			children = (
				4D7E0E041C064B4D00A15C54 /* PrecipitateTests.swift */,
				4D7E0E061C064B4D00A15C54 /* Info.plist */,
			);
			path = PrecipitateTests;
			sourceTree = "<group>";
		};
		4D7E0E0E1C064B4D00A15C54 /* PrecipitateUITests */ = {
			isa = PBXGroup;
			children = (
				4D7E0E0F1C064B4D00A15C54 /* PrecipitateUITests.swift */,
				4D7E0E111C064B4D00A15C54 /* Info.plist */,
			);
			path = PrecipitateUITests;
			sourceTree = "<group>";
		};
		4DA717151C0F3EFB0039418E /* MVP */ = {
			isa = PBXGroup;
			children = (
				4DA717131C0F3E460039418E /* Braindump.storyboard */,
				4D7E0DF11C064B4D00A15C54 /* ViewController.swift */,
				4D7E0DF31C064B4D00A15C54 /* MVP.storyboard */,
			);
			name = MVP;
			sourceTree = "<group>";
		};
		EE7AF513508E693F27478AF1 /* Frameworks */ = {
			isa = PBXGroup;
			children = (
				9EFA1F2812C47E8BBE632189 /* Pods_Precipitate.framework */,
				5C3DF2AC0F65C37E63E85DFF /* Pods_PrecipitateTests.framework */,
				ACA941FF68011B2F61E7D541 /* Pods_PrecipitateUITests.framework */,
			);
			name = Frameworks;
			sourceTree = "<group>";
		};
/* End PBXGroup section */

/* Begin PBXNativeTarget section */
		4D7E0DEB1C064B4D00A15C54 /* Precipitate */ = {
			isa = PBXNativeTarget;
			buildConfigurationList = 4D7E0E141C064B4D00A15C54 /* Build configuration list for PBXNativeTarget "Precipitate" */;
			buildPhases = (
				A9CA39AF0F3372C816809350 /* Check Pods Manifest.lock */,
				4D7E0DE81C064B4D00A15C54 /* Sources */,
				4D7E0DE91C064B4D00A15C54 /* Frameworks */,
				4D7E0DEA1C064B4D00A15C54 /* Resources */,
				14D016502AF8F413ECB85796 /* Embed Pods Frameworks */,
				A93C992D237239A2DDA6803D /* Copy Pods Resources */,
			);
			buildRules = (
			);
			dependencies = (
			);
			name = Precipitate;
			productName = Precipitate;
			productReference = 4D7E0DEC1C064B4D00A15C54 /* Precipitate.app */;
			productType = "com.apple.product-type.application";
		};
		4D7E0DFF1C064B4D00A15C54 /* PrecipitateTests */ = {
			isa = PBXNativeTarget;
			buildConfigurationList = 4D7E0E171C064B4D00A15C54 /* Build configuration list for PBXNativeTarget "PrecipitateTests" */;
			buildPhases = (
				E1B79D11ECCD1164F1C6D84E /* Check Pods Manifest.lock */,
				4D7E0DFC1C064B4D00A15C54 /* Sources */,
				4D7E0DFD1C064B4D00A15C54 /* Frameworks */,
				4D7E0DFE1C064B4D00A15C54 /* Resources */,
				FD1118620163AB3A7378FCB2 /* Embed Pods Frameworks */,
				3A0810FCC1DAC1E13D0A73EF /* Copy Pods Resources */,
			);
			buildRules = (
			);
			dependencies = (
				4D7E0E021C064B4D00A15C54 /* PBXTargetDependency */,
			);
			name = PrecipitateTests;
			productName = PrecipitateTests;
			productReference = 4D7E0E001C064B4D00A15C54 /* PrecipitateTests.xctest */;
			productType = "com.apple.product-type.bundle.unit-test";
		};
		4D7E0E0A1C064B4D00A15C54 /* PrecipitateUITests */ = {
			isa = PBXNativeTarget;
			buildConfigurationList = 4D7E0E1A1C064B4D00A15C54 /* Build configuration list for PBXNativeTarget "PrecipitateUITests" */;
			buildPhases = (
				238369480B6B3D72C8FF41DC /* Check Pods Manifest.lock */,
				4D7E0E071C064B4D00A15C54 /* Sources */,
				4D7E0E081C064B4D00A15C54 /* Frameworks */,
				4D7E0E091C064B4D00A15C54 /* Resources */,
				D809040C8E53F45A7DC9211F /* Copy Pods Resources */,
			);
			buildRules = (
			);
			dependencies = (
				4D7E0E0D1C064B4D00A15C54 /* PBXTargetDependency */,
			);
			name = PrecipitateUITests;
			productName = PrecipitateUITests;
			productReference = 4D7E0E0B1C064B4D00A15C54 /* PrecipitateUITests.xctest */;
			productType = "com.apple.product-type.bundle.ui-testing";
		};
/* End PBXNativeTarget section */

/* Begin PBXProject section */
		4D7E0DE41C064B4D00A15C54 /* Project object */ = {
			isa = PBXProject;
			attributes = {
				LastSwiftUpdateCheck = 0710;
				LastUpgradeCheck = 0710;
				ORGANIZATIONNAME = markedwardmurray;
				TargetAttributes = {
					4D7E0DEB1C064B4D00A15C54 = {
						CreatedOnToolsVersion = 7.1;
						DevelopmentTeam = 4YFVWFGQC2;
					};
					4D7E0DFF1C064B4D00A15C54 = {
						CreatedOnToolsVersion = 7.1;
						TestTargetID = 4D7E0DEB1C064B4D00A15C54;
					};
					4D7E0E0A1C064B4D00A15C54 = {
						CreatedOnToolsVersion = 7.1;
						TestTargetID = 4D7E0DEB1C064B4D00A15C54;
					};
				};
			};
			buildConfigurationList = 4D7E0DE71C064B4D00A15C54 /* Build configuration list for PBXProject "Precipitate" */;
			compatibilityVersion = "Xcode 3.2";
			developmentRegion = English;
			hasScannedForEncodings = 0;
			knownRegions = (
				en,
				Base,
			);
			mainGroup = 4D7E0DE31C064B4D00A15C54;
			productRefGroup = 4D7E0DED1C064B4D00A15C54 /* Products */;
			projectDirPath = "";
			projectRoot = "";
			targets = (
				4D7E0DEB1C064B4D00A15C54 /* Precipitate */,
				4D7E0DFF1C064B4D00A15C54 /* PrecipitateTests */,
				4D7E0E0A1C064B4D00A15C54 /* PrecipitateUITests */,
			);
		};
/* End PBXProject section */

/* Begin PBXResourcesBuildPhase section */
		4D7E0DEA1C064B4D00A15C54 /* Resources */ = {
			isa = PBXResourcesBuildPhase;
			buildActionMask = 2147483647;
			files = (
				4D7E0DFA1C064B4D00A15C54 /* LaunchScreen.storyboard in Resources */,
				4DA717191C15CEDA0039418E /* Main.storyboard in Resources */,
				4DB10E931C193DD1002D618E /* saved-forecast.json in Resources */,
				4D7E0DF71C064B4D00A15C54 /* Assets.xcassets in Resources */,
				4D7E0DF51C064B4D00A15C54 /* MVP.storyboard in Resources */,
				4DA717141C0F3E460039418E /* Braindump.storyboard in Resources */,
			);
			runOnlyForDeploymentPostprocessing = 0;
		};
		4D7E0DFE1C064B4D00A15C54 /* Resources */ = {
			isa = PBXResourcesBuildPhase;
			buildActionMask = 2147483647;
			files = (
			);
			runOnlyForDeploymentPostprocessing = 0;
		};
		4D7E0E091C064B4D00A15C54 /* Resources */ = {
			isa = PBXResourcesBuildPhase;
			buildActionMask = 2147483647;
			files = (
			);
			runOnlyForDeploymentPostprocessing = 0;
		};
/* End PBXResourcesBuildPhase section */

/* Begin PBXShellScriptBuildPhase section */
		14D016502AF8F413ECB85796 /* Embed Pods Frameworks */ = {
			isa = PBXShellScriptBuildPhase;
			buildActionMask = 2147483647;
			files = (
			);
			inputPaths = (
			);
			name = "Embed Pods Frameworks";
			outputPaths = (
			);
			runOnlyForDeploymentPostprocessing = 0;
			shellPath = /bin/sh;
			shellScript = "\"${SRCROOT}/Pods/Target Support Files/Pods-Precipitate/Pods-Precipitate-frameworks.sh\"\n";
			showEnvVarsInLog = 0;
		};
		238369480B6B3D72C8FF41DC /* Check Pods Manifest.lock */ = {
			isa = PBXShellScriptBuildPhase;
			buildActionMask = 2147483647;
			files = (
			);
			inputPaths = (
			);
			name = "Check Pods Manifest.lock";
			outputPaths = (
			);
			runOnlyForDeploymentPostprocessing = 0;
			shellPath = /bin/sh;
			shellScript = "diff \"${PODS_ROOT}/../Podfile.lock\" \"${PODS_ROOT}/Manifest.lock\" > /dev/null\nif [[ $? != 0 ]] ; then\n    cat << EOM\nerror: The sandbox is not in sync with the Podfile.lock. Run 'pod install' or update your CocoaPods installation.\nEOM\n    exit 1\nfi\n";
			showEnvVarsInLog = 0;
		};
		3A0810FCC1DAC1E13D0A73EF /* Copy Pods Resources */ = {
			isa = PBXShellScriptBuildPhase;
			buildActionMask = 2147483647;
			files = (
			);
			inputPaths = (
			);
			name = "Copy Pods Resources";
			outputPaths = (
			);
			runOnlyForDeploymentPostprocessing = 0;
			shellPath = /bin/sh;
			shellScript = "\"${SRCROOT}/Pods/Target Support Files/Pods-PrecipitateTests/Pods-PrecipitateTests-resources.sh\"\n";
			showEnvVarsInLog = 0;
		};
		A93C992D237239A2DDA6803D /* Copy Pods Resources */ = {
			isa = PBXShellScriptBuildPhase;
			buildActionMask = 2147483647;
			files = (
			);
			inputPaths = (
			);
			name = "Copy Pods Resources";
			outputPaths = (
			);
			runOnlyForDeploymentPostprocessing = 0;
			shellPath = /bin/sh;
			shellScript = "\"${SRCROOT}/Pods/Target Support Files/Pods-Precipitate/Pods-Precipitate-resources.sh\"\n";
			showEnvVarsInLog = 0;
		};
		A9CA39AF0F3372C816809350 /* Check Pods Manifest.lock */ = {
			isa = PBXShellScriptBuildPhase;
			buildActionMask = 2147483647;
			files = (
			);
			inputPaths = (
			);
			name = "Check Pods Manifest.lock";
			outputPaths = (
			);
			runOnlyForDeploymentPostprocessing = 0;
			shellPath = /bin/sh;
			shellScript = "diff \"${PODS_ROOT}/../Podfile.lock\" \"${PODS_ROOT}/Manifest.lock\" > /dev/null\nif [[ $? != 0 ]] ; then\n    cat << EOM\nerror: The sandbox is not in sync with the Podfile.lock. Run 'pod install' or update your CocoaPods installation.\nEOM\n    exit 1\nfi\n";
			showEnvVarsInLog = 0;
		};
		D809040C8E53F45A7DC9211F /* Copy Pods Resources */ = {
			isa = PBXShellScriptBuildPhase;
			buildActionMask = 2147483647;
			files = (
			);
			inputPaths = (
			);
			name = "Copy Pods Resources";
			outputPaths = (
			);
			runOnlyForDeploymentPostprocessing = 0;
			shellPath = /bin/sh;
			shellScript = "\"${SRCROOT}/Pods/Target Support Files/Pods-PrecipitateUITests/Pods-PrecipitateUITests-resources.sh\"\n";
			showEnvVarsInLog = 0;
		};
		E1B79D11ECCD1164F1C6D84E /* Check Pods Manifest.lock */ = {
			isa = PBXShellScriptBuildPhase;
			buildActionMask = 2147483647;
			files = (
			);
			inputPaths = (
			);
			name = "Check Pods Manifest.lock";
			outputPaths = (
			);
			runOnlyForDeploymentPostprocessing = 0;
			shellPath = /bin/sh;
			shellScript = "diff \"${PODS_ROOT}/../Podfile.lock\" \"${PODS_ROOT}/Manifest.lock\" > /dev/null\nif [[ $? != 0 ]] ; then\n    cat << EOM\nerror: The sandbox is not in sync with the Podfile.lock. Run 'pod install' or update your CocoaPods installation.\nEOM\n    exit 1\nfi\n";
			showEnvVarsInLog = 0;
		};
		FD1118620163AB3A7378FCB2 /* Embed Pods Frameworks */ = {
			isa = PBXShellScriptBuildPhase;
			buildActionMask = 2147483647;
			files = (
			);
			inputPaths = (
			);
			name = "Embed Pods Frameworks";
			outputPaths = (
			);
			runOnlyForDeploymentPostprocessing = 0;
			shellPath = /bin/sh;
			shellScript = "\"${SRCROOT}/Pods/Target Support Files/Pods-PrecipitateTests/Pods-PrecipitateTests-frameworks.sh\"\n";
			showEnvVarsInLog = 0;
		};
/* End PBXShellScriptBuildPhase section */

/* Begin PBXSourcesBuildPhase section */
		4D7E0DE81C064B4D00A15C54 /* Sources */ = {
			isa = PBXSourcesBuildPhase;
			buildActionMask = 2147483647;
			files = (
				4DCB45001C17F03F00C02325 /* NSDate+Timescales.swift in Sources */,
				4DCF06B21C18E8E4009FEEA9 /* InitialViewController.swift in Sources */,
				4DA7171F1C15CFCF0039418E /* LineChartCell.swift in Sources */,
				4DCB44FC1C166C2C00C02325 /* DataEntryCollator.swift in Sources */,
				4DCF06B01C18E8D0009FEEA9 /* PageViewController.swift in Sources */,
				4DCB45021C18897D00C02325 /* LineChartDataManager.swift in Sources */,
				4D7E0DF21C064B4D00A15C54 /* ViewController.swift in Sources */,
				4DCB44FE1C168AE800C02325 /* ChartDataSetManager.swift in Sources */,
				4D7E0E1E1C06785500A15C54 /* Secrets.swift in Sources */,
				4DA717171C0FAFFF0039418E /* ForecastAPIClient.swift in Sources */,
				4DA7171D1C15CFA10039418E /* ChartsTableViewController.swift in Sources */,
				4D7E0DF01C064B4D00A15C54 /* AppDelegate.swift in Sources */,
			);
			runOnlyForDeploymentPostprocessing = 0;
		};
		4D7E0DFC1C064B4D00A15C54 /* Sources */ = {
			isa = PBXSourcesBuildPhase;
			buildActionMask = 2147483647;
			files = (
				4D7E0E051C064B4D00A15C54 /* PrecipitateTests.swift in Sources */,
			);
			runOnlyForDeploymentPostprocessing = 0;
		};
		4D7E0E071C064B4D00A15C54 /* Sources */ = {
			isa = PBXSourcesBuildPhase;
			buildActionMask = 2147483647;
			files = (
				4D7E0E101C064B4D00A15C54 /* PrecipitateUITests.swift in Sources */,
			);
			runOnlyForDeploymentPostprocessing = 0;
		};
/* End PBXSourcesBuildPhase section */

/* Begin PBXTargetDependency section */
		4D7E0E021C064B4D00A15C54 /* PBXTargetDependency */ = {
			isa = PBXTargetDependency;
			target = 4D7E0DEB1C064B4D00A15C54 /* Precipitate */;
			targetProxy = 4D7E0E011C064B4D00A15C54 /* PBXContainerItemProxy */;
		};
		4D7E0E0D1C064B4D00A15C54 /* PBXTargetDependency */ = {
			isa = PBXTargetDependency;
			target = 4D7E0DEB1C064B4D00A15C54 /* Precipitate */;
			targetProxy = 4D7E0E0C1C064B4D00A15C54 /* PBXContainerItemProxy */;
		};
/* End PBXTargetDependency section */

/* Begin PBXVariantGroup section */
		4D7E0DF31C064B4D00A15C54 /* MVP.storyboard */ = {
			isa = PBXVariantGroup;
			children = (
				4D7E0DF41C064B4D00A15C54 /* Base */,
			);
			name = MVP.storyboard;
			sourceTree = "<group>";
		};
		4D7E0DF81C064B4D00A15C54 /* LaunchScreen.storyboard */ = {
			isa = PBXVariantGroup;
			children = (
				4D7E0DF91C064B4D00A15C54 /* Base */,
			);
			name = LaunchScreen.storyboard;
			sourceTree = "<group>";
		};
/* End PBXVariantGroup section */

/* Begin XCBuildConfiguration section */
		4D7E0E121C064B4D00A15C54 /* Debug */ = {
			isa = XCBuildConfiguration;
			buildSettings = {
				ALWAYS_SEARCH_USER_PATHS = NO;
				CLANG_CXX_LANGUAGE_STANDARD = "gnu++0x";
				CLANG_CXX_LIBRARY = "libc++";
				CLANG_ENABLE_MODULES = YES;
				CLANG_ENABLE_OBJC_ARC = YES;
				CLANG_WARN_BOOL_CONVERSION = YES;
				CLANG_WARN_CONSTANT_CONVERSION = YES;
				CLANG_WARN_DIRECT_OBJC_ISA_USAGE = YES_ERROR;
				CLANG_WARN_EMPTY_BODY = YES;
				CLANG_WARN_ENUM_CONVERSION = YES;
				CLANG_WARN_INT_CONVERSION = YES;
				CLANG_WARN_OBJC_ROOT_CLASS = YES_ERROR;
				CLANG_WARN_UNREACHABLE_CODE = YES;
				CLANG_WARN__DUPLICATE_METHOD_MATCH = YES;
				"CODE_SIGN_IDENTITY[sdk=iphoneos*]" = "iPhone Developer";
				COPY_PHASE_STRIP = NO;
				DEBUG_INFORMATION_FORMAT = dwarf;
				ENABLE_STRICT_OBJC_MSGSEND = YES;
				ENABLE_TESTABILITY = YES;
				GCC_C_LANGUAGE_STANDARD = gnu99;
				GCC_DYNAMIC_NO_PIC = NO;
				GCC_NO_COMMON_BLOCKS = YES;
				GCC_OPTIMIZATION_LEVEL = 0;
				GCC_PREPROCESSOR_DEFINITIONS = (
					"DEBUG=1",
					"$(inherited)",
				);
				GCC_WARN_64_TO_32_BIT_CONVERSION = YES;
				GCC_WARN_ABOUT_RETURN_TYPE = YES_ERROR;
				GCC_WARN_UNDECLARED_SELECTOR = YES;
				GCC_WARN_UNINITIALIZED_AUTOS = YES_AGGRESSIVE;
				GCC_WARN_UNUSED_FUNCTION = YES;
				GCC_WARN_UNUSED_VARIABLE = YES;
				IPHONEOS_DEPLOYMENT_TARGET = 9.1;
				MTL_ENABLE_DEBUG_INFO = YES;
				ONLY_ACTIVE_ARCH = YES;
				SDKROOT = iphoneos;
				SWIFT_OPTIMIZATION_LEVEL = "-Onone";
			};
			name = Debug;
		};
		4D7E0E131C064B4D00A15C54 /* Release */ = {
			isa = XCBuildConfiguration;
			buildSettings = {
				ALWAYS_SEARCH_USER_PATHS = NO;
				CLANG_CXX_LANGUAGE_STANDARD = "gnu++0x";
				CLANG_CXX_LIBRARY = "libc++";
				CLANG_ENABLE_MODULES = YES;
				CLANG_ENABLE_OBJC_ARC = YES;
				CLANG_WARN_BOOL_CONVERSION = YES;
				CLANG_WARN_CONSTANT_CONVERSION = YES;
				CLANG_WARN_DIRECT_OBJC_ISA_USAGE = YES_ERROR;
				CLANG_WARN_EMPTY_BODY = YES;
				CLANG_WARN_ENUM_CONVERSION = YES;
				CLANG_WARN_INT_CONVERSION = YES;
				CLANG_WARN_OBJC_ROOT_CLASS = YES_ERROR;
				CLANG_WARN_UNREACHABLE_CODE = YES;
				CLANG_WARN__DUPLICATE_METHOD_MATCH = YES;
				"CODE_SIGN_IDENTITY[sdk=iphoneos*]" = "iPhone Developer";
				COPY_PHASE_STRIP = NO;
				DEBUG_INFORMATION_FORMAT = "dwarf-with-dsym";
				ENABLE_NS_ASSERTIONS = NO;
				ENABLE_STRICT_OBJC_MSGSEND = YES;
				GCC_C_LANGUAGE_STANDARD = gnu99;
				GCC_NO_COMMON_BLOCKS = YES;
				GCC_WARN_64_TO_32_BIT_CONVERSION = YES;
				GCC_WARN_ABOUT_RETURN_TYPE = YES_ERROR;
				GCC_WARN_UNDECLARED_SELECTOR = YES;
				GCC_WARN_UNINITIALIZED_AUTOS = YES_AGGRESSIVE;
				GCC_WARN_UNUSED_FUNCTION = YES;
				GCC_WARN_UNUSED_VARIABLE = YES;
				IPHONEOS_DEPLOYMENT_TARGET = 9.1;
				MTL_ENABLE_DEBUG_INFO = NO;
				SDKROOT = iphoneos;
				VALIDATE_PRODUCT = YES;
			};
			name = Release;
		};
		4D7E0E151C064B4D00A15C54 /* Debug */ = {
			isa = XCBuildConfiguration;
			baseConfigurationReference = 10A33F943356239AD43CB6A7 /* Pods-Precipitate.debug.xcconfig */;
			buildSettings = {
				ASSETCATALOG_COMPILER_APPICON_NAME = AppIcon;
				CODE_SIGN_IDENTITY = "iPhone Developer";
				INFOPLIST_FILE = Precipitate/Info.plist;
				LD_RUNPATH_SEARCH_PATHS = "$(inherited) @executable_path/Frameworks";
				PRODUCT_BUNDLE_IDENTIFIER = com.markedwardmurray.Precipitate;
				PRODUCT_NAME = "$(TARGET_NAME)";
				SWIFT_OBJC_BRIDGING_HEADER = "/Users/mark/Development/Apps/Precipitate/Precipitate/Precipitate-Bridging-Header.h";
			};
			name = Debug;
		};
		4D7E0E161C064B4D00A15C54 /* Release */ = {
			isa = XCBuildConfiguration;
			baseConfigurationReference = D88F33E104E4FAD2A7A33AEB /* Pods-Precipitate.release.xcconfig */;
			buildSettings = {
				ASSETCATALOG_COMPILER_APPICON_NAME = AppIcon;
				CODE_SIGN_IDENTITY = "iPhone Developer";
				INFOPLIST_FILE = Precipitate/Info.plist;
				LD_RUNPATH_SEARCH_PATHS = "$(inherited) @executable_path/Frameworks";
				PRODUCT_BUNDLE_IDENTIFIER = com.markedwardmurray.Precipitate;
				PRODUCT_NAME = "$(TARGET_NAME)";
				SWIFT_OBJC_BRIDGING_HEADER = "/Users/mark/Development/Apps/Precipitate/Precipitate/Precipitate-Bridging-Header.h";
			};
			name = Release;
		};
		4D7E0E181C064B4D00A15C54 /* Debug */ = {
			isa = XCBuildConfiguration;
			baseConfigurationReference = B66353621CEF7E421A8B2C7B /* Pods-PrecipitateTests.debug.xcconfig */;
			buildSettings = {
				BUNDLE_LOADER = "$(TEST_HOST)";
				INFOPLIST_FILE = PrecipitateTests/Info.plist;
				LD_RUNPATH_SEARCH_PATHS = "$(inherited) @executable_path/Frameworks @loader_path/Frameworks";
				PRODUCT_BUNDLE_IDENTIFIER = com.markedwardmurray.PrecipitateTests;
				PRODUCT_NAME = "$(TARGET_NAME)";
				TEST_HOST = "$(BUILT_PRODUCTS_DIR)/Precipitate.app/Precipitate";
			};
			name = Debug;
		};
		4D7E0E191C064B4D00A15C54 /* Release */ = {
			isa = XCBuildConfiguration;
			baseConfigurationReference = 5F30AF15DA5A778039A01B94 /* Pods-PrecipitateTests.release.xcconfig */;
			buildSettings = {
				BUNDLE_LOADER = "$(TEST_HOST)";
				INFOPLIST_FILE = PrecipitateTests/Info.plist;
				LD_RUNPATH_SEARCH_PATHS = "$(inherited) @executable_path/Frameworks @loader_path/Frameworks";
				PRODUCT_BUNDLE_IDENTIFIER = com.markedwardmurray.PrecipitateTests;
				PRODUCT_NAME = "$(TARGET_NAME)";
				TEST_HOST = "$(BUILT_PRODUCTS_DIR)/Precipitate.app/Precipitate";
			};
			name = Release;
		};
		4D7E0E1B1C064B4D00A15C54 /* Debug */ = {
			isa = XCBuildConfiguration;
			baseConfigurationReference = E3485C80C178391B0E630F8A /* Pods-PrecipitateUITests.debug.xcconfig */;
			buildSettings = {
				INFOPLIST_FILE = PrecipitateUITests/Info.plist;
				LD_RUNPATH_SEARCH_PATHS = "$(inherited) @executable_path/Frameworks @loader_path/Frameworks";
				PRODUCT_BUNDLE_IDENTIFIER = com.markedwardmurray.PrecipitateUITests;
				PRODUCT_NAME = "$(TARGET_NAME)";
				TEST_TARGET_NAME = Precipitate;
				USES_XCTRUNNER = YES;
			};
			name = Debug;
		};
		4D7E0E1C1C064B4D00A15C54 /* Release */ = {
			isa = XCBuildConfiguration;
			baseConfigurationReference = 77820C9BD56E7D5302992A22 /* Pods-PrecipitateUITests.release.xcconfig */;
			buildSettings = {
				INFOPLIST_FILE = PrecipitateUITests/Info.plist;
				LD_RUNPATH_SEARCH_PATHS = "$(inherited) @executable_path/Frameworks @loader_path/Frameworks";
				PRODUCT_BUNDLE_IDENTIFIER = com.markedwardmurray.PrecipitateUITests;
				PRODUCT_NAME = "$(TARGET_NAME)";
				TEST_TARGET_NAME = Precipitate;
				USES_XCTRUNNER = YES;
			};
			name = Release;
		};
/* End XCBuildConfiguration section */

/* Begin XCConfigurationList section */
		4D7E0DE71C064B4D00A15C54 /* Build configuration list for PBXProject "Precipitate" */ = {
			isa = XCConfigurationList;
			buildConfigurations = (
				4D7E0E121C064B4D00A15C54 /* Debug */,
				4D7E0E131C064B4D00A15C54 /* Release */,
			);
			defaultConfigurationIsVisible = 0;
			defaultConfigurationName = Release;
		};
		4D7E0E141C064B4D00A15C54 /* Build configuration list for PBXNativeTarget "Precipitate" */ = {
			isa = XCConfigurationList;
			buildConfigurations = (
				4D7E0E151C064B4D00A15C54 /* Debug */,
				4D7E0E161C064B4D00A15C54 /* Release */,
			);
			defaultConfigurationIsVisible = 0;
			defaultConfigurationName = Release;
		};
		4D7E0E171C064B4D00A15C54 /* Build configuration list for PBXNativeTarget "PrecipitateTests" */ = {
			isa = XCConfigurationList;
			buildConfigurations = (
				4D7E0E181C064B4D00A15C54 /* Debug */,
				4D7E0E191C064B4D00A15C54 /* Release */,
			);
			defaultConfigurationIsVisible = 0;
			defaultConfigurationName = Release;
		};
		4D7E0E1A1C064B4D00A15C54 /* Build configuration list for PBXNativeTarget "PrecipitateUITests" */ = {
			isa = XCConfigurationList;
			buildConfigurations = (
				4D7E0E1B1C064B4D00A15C54 /* Debug */,
				4D7E0E1C1C064B4D00A15C54 /* Release */,
			);
			defaultConfigurationIsVisible = 0;
			defaultConfigurationName = Release;
		};
/* End XCConfigurationList section */
	};
	rootObject = 4D7E0DE41C064B4D00A15C54 /* Project object */;
}
